// !$*UTF8*$!
{
	archiveVersion = 1;
	classes = {
	};
	objectVersion = 55;
	objects = {

/* Begin PBXBuildFile section */
		67126302285B55DB0097D772 /* GoogleService-Info.plist in Resources */ = {isa = PBXBuildFile; fileRef = 67126301285B55DB0097D772 /* GoogleService-Info.plist */; };
		671263062860B6590097D772 /* SwiftUIView.swift in Sources */ = {isa = PBXBuildFile; fileRef = 671263052860B6590097D772 /* SwiftUIView.swift */; };
		6712630C2861F3D00097D772 /* MessageDocument.swift in Sources */ = {isa = PBXBuildFile; fileRef = 6712630A2861F3D00097D772 /* MessageDocument.swift */; };
		671263102861F4950097D772 /* SignUpFormVM.swift in Sources */ = {isa = PBXBuildFile; fileRef = 6712630E2861F4950097D772 /* SignUpFormVM.swift */; };
		671263112861F4950097D772 /* SignInFormVM.swift in Sources */ = {isa = PBXBuildFile; fileRef = 6712630F2861F4950097D772 /* SignInFormVM.swift */; };
		6712631A2861F5BD0097D772 /* LocationPickerView.swift in Sources */ = {isa = PBXBuildFile; fileRef = 671263152861F5BD0097D772 /* LocationPickerView.swift */; };
		6712631B2861F5BD0097D772 /* ResetPasswordView.swift in Sources */ = {isa = PBXBuildFile; fileRef = 671263162861F5BD0097D772 /* ResetPasswordView.swift */; };
		6712631C2861F5BD0097D772 /* MapView.swift in Sources */ = {isa = PBXBuildFile; fileRef = 671263172861F5BD0097D772 /* MapView.swift */; };
		6712631D2861F5BD0097D772 /* SignInView.swift in Sources */ = {isa = PBXBuildFile; fileRef = 671263182861F5BD0097D772 /* SignInView.swift */; };
		6712631E2861F5BD0097D772 /* SignUpView.swift in Sources */ = {isa = PBXBuildFile; fileRef = 671263192861F5BD0097D772 /* SignUpView.swift */; };
		674B7135285A134A006AE2C5 /* etmamApp.swift in Sources */ = {isa = PBXBuildFile; fileRef = 674B7134285A134A006AE2C5 /* etmamApp.swift */; };
		674B7137285A134A006AE2C5 /* ContentView.swift in Sources */ = {isa = PBXBuildFile; fileRef = 674B7136285A134A006AE2C5 /* ContentView.swift */; };
		674B713C285A134A006AE2C5 /* Preview Assets.xcassets in Resources */ = {isa = PBXBuildFile; fileRef = 674B713B285A134A006AE2C5 /* Preview Assets.xcassets */; };
		674B7166285A1BA2006AE2C5 /* BetterSafariView in Frameworks */ = {isa = PBXBuildFile; productRef = 674B7165285A1BA2006AE2C5 /* BetterSafariView */; };
		674B7169285A1C1C006AE2C5 /* StoreKit.framework in Frameworks */ = {isa = PBXBuildFile; fileRef = 674B7168285A1C1C006AE2C5 /* StoreKit.framework */; };
		674B7176285A1CA9006AE2C5 /* meetingDatabaseVM.swift in Sources */ = {isa = PBXBuildFile; fileRef = 674B716B285A1CA9006AE2C5 /* meetingDatabaseVM.swift */; };
		674B7177285A1CA9006AE2C5 /* orgDatabaseVM.swift in Sources */ = {isa = PBXBuildFile; fileRef = 674B716C285A1CA9006AE2C5 /* orgDatabaseVM.swift */; };
		674B7178285A1CA9006AE2C5 /* Meeting.swift in Sources */ = {isa = PBXBuildFile; fileRef = 674B716E285A1CA9006AE2C5 /* Meeting.swift */; };
		674B7179285A1CA9006AE2C5 /* Organization.swift in Sources */ = {isa = PBXBuildFile; fileRef = 674B716F285A1CA9006AE2C5 /* Organization.swift */; };
		674B717A285A1CA9006AE2C5 /* User.swift in Sources */ = {isa = PBXBuildFile; fileRef = 674B7170285A1CA9006AE2C5 /* User.swift */; };
		674B717B285A1CA9006AE2C5 /* Project.swift in Sources */ = {isa = PBXBuildFile; fileRef = 674B7171285A1CA9006AE2C5 /* Project.swift */; };
		674B717C285A1CA9006AE2C5 /* Task.swift in Sources */ = {isa = PBXBuildFile; fileRef = 674B7172285A1CA9006AE2C5 /* Task.swift */; };
		674B717D285A1CA9006AE2C5 /* projectDatabaseVM.swift in Sources */ = {isa = PBXBuildFile; fileRef = 674B7173285A1CA9006AE2C5 /* projectDatabaseVM.swift */; };
		674B717E285A1CA9006AE2C5 /* taskDatabaseVM.swift in Sources */ = {isa = PBXBuildFile; fileRef = 674B7174285A1CA9006AE2C5 /* taskDatabaseVM.swift */; };
		674B717F285A1CA9006AE2C5 /* userDatabaseVM.swift in Sources */ = {isa = PBXBuildFile; fileRef = 674B7175285A1CA9006AE2C5 /* userDatabaseVM.swift */; };
		674B7181285A1E21006AE2C5 /* FirebaseAnalytics in Frameworks */ = {isa = PBXBuildFile; productRef = 674B7180285A1E21006AE2C5 /* FirebaseAnalytics */; };
		674B7183285A1E21006AE2C5 /* FirebaseAnalyticsOnDeviceConversion in Frameworks */ = {isa = PBXBuildFile; productRef = 674B7182285A1E21006AE2C5 /* FirebaseAnalyticsOnDeviceConversion */; };
		674B7185285A1E21006AE2C5 /* FirebaseAnalyticsSwift in Frameworks */ = {isa = PBXBuildFile; productRef = 674B7184285A1E21006AE2C5 /* FirebaseAnalyticsSwift */; };
		674B7187285A1E21006AE2C5 /* FirebaseAnalyticsWithoutAdIdSupport in Frameworks */ = {isa = PBXBuildFile; productRef = 674B7186285A1E21006AE2C5 /* FirebaseAnalyticsWithoutAdIdSupport */; };
		674B7189285A1E21006AE2C5 /* FirebaseAppCheck in Frameworks */ = {isa = PBXBuildFile; productRef = 674B7188285A1E21006AE2C5 /* FirebaseAppCheck */; };
		674B718B285A1E22006AE2C5 /* FirebaseAppDistribution-Beta in Frameworks */ = {isa = PBXBuildFile; productRef = 674B718A285A1E22006AE2C5 /* FirebaseAppDistribution-Beta */; };
		674B718D285A1E22006AE2C5 /* FirebaseAuth in Frameworks */ = {isa = PBXBuildFile; productRef = 674B718C285A1E22006AE2C5 /* FirebaseAuth */; };
		674B718F285A1E22006AE2C5 /* FirebaseAuthCombine-Community in Frameworks */ = {isa = PBXBuildFile; productRef = 674B718E285A1E22006AE2C5 /* FirebaseAuthCombine-Community */; };
		674B7191285A1E22006AE2C5 /* FirebaseCrashlytics in Frameworks */ = {isa = PBXBuildFile; productRef = 674B7190285A1E22006AE2C5 /* FirebaseCrashlytics */; };
		674B7193285A1E22006AE2C5 /* FirebaseDatabase in Frameworks */ = {isa = PBXBuildFile; productRef = 674B7192285A1E22006AE2C5 /* FirebaseDatabase */; };
		674B7195285A1E22006AE2C5 /* FirebaseDatabaseSwift in Frameworks */ = {isa = PBXBuildFile; productRef = 674B7194285A1E22006AE2C5 /* FirebaseDatabaseSwift */; };
		674B7197285A1E22006AE2C5 /* FirebaseDynamicLinks in Frameworks */ = {isa = PBXBuildFile; productRef = 674B7196285A1E22006AE2C5 /* FirebaseDynamicLinks */; };
		674B7199285A1E22006AE2C5 /* FirebaseFirestore in Frameworks */ = {isa = PBXBuildFile; productRef = 674B7198285A1E22006AE2C5 /* FirebaseFirestore */; };
		674B719B285A1E22006AE2C5 /* FirebaseFirestoreCombine-Community in Frameworks */ = {isa = PBXBuildFile; productRef = 674B719A285A1E22006AE2C5 /* FirebaseFirestoreCombine-Community */; };
		674B719D285A1E22006AE2C5 /* FirebaseFirestoreSwift in Frameworks */ = {isa = PBXBuildFile; productRef = 674B719C285A1E22006AE2C5 /* FirebaseFirestoreSwift */; };
		674B719F285A1E22006AE2C5 /* FirebaseFunctions in Frameworks */ = {isa = PBXBuildFile; productRef = 674B719E285A1E22006AE2C5 /* FirebaseFunctions */; };
		674B71A1285A1E23006AE2C5 /* FirebaseFunctionsCombine-Community in Frameworks */ = {isa = PBXBuildFile; productRef = 674B71A0285A1E23006AE2C5 /* FirebaseFunctionsCombine-Community */; };
		674B71A3285A1E23006AE2C5 /* FirebaseInAppMessaging-Beta in Frameworks */ = {isa = PBXBuildFile; productRef = 674B71A2285A1E23006AE2C5 /* FirebaseInAppMessaging-Beta */; };
		674B71A5285A1E23006AE2C5 /* FirebaseInAppMessagingSwift-Beta in Frameworks */ = {isa = PBXBuildFile; productRef = 674B71A4285A1E23006AE2C5 /* FirebaseInAppMessagingSwift-Beta */; };
		674B71A7285A1E23006AE2C5 /* FirebaseInstallations in Frameworks */ = {isa = PBXBuildFile; productRef = 674B71A6285A1E23006AE2C5 /* FirebaseInstallations */; };
		674B71A9285A1E23006AE2C5 /* FirebaseMessaging in Frameworks */ = {isa = PBXBuildFile; productRef = 674B71A8285A1E23006AE2C5 /* FirebaseMessaging */; };
		674B71AB285A1E23006AE2C5 /* FirebaseMLModelDownloader in Frameworks */ = {isa = PBXBuildFile; productRef = 674B71AA285A1E23006AE2C5 /* FirebaseMLModelDownloader */; };
		674B71AD285A1E24006AE2C5 /* FirebasePerformance in Frameworks */ = {isa = PBXBuildFile; productRef = 674B71AC285A1E24006AE2C5 /* FirebasePerformance */; };
		674B71AF285A1E24006AE2C5 /* FirebaseRemoteConfig in Frameworks */ = {isa = PBXBuildFile; productRef = 674B71AE285A1E24006AE2C5 /* FirebaseRemoteConfig */; };
		674B71B1285A1E24006AE2C5 /* FirebaseRemoteConfigSwift in Frameworks */ = {isa = PBXBuildFile; productRef = 674B71B0285A1E24006AE2C5 /* FirebaseRemoteConfigSwift */; };
		674B71B3285A1E24006AE2C5 /* FirebaseStorage in Frameworks */ = {isa = PBXBuildFile; productRef = 674B71B2285A1E24006AE2C5 /* FirebaseStorage */; };
		674B71B5285A1E24006AE2C5 /* FirebaseStorageCombine-Community in Frameworks */ = {isa = PBXBuildFile; productRef = 674B71B4285A1E24006AE2C5 /* FirebaseStorageCombine-Community */; };
		674B71B8285A1FCF006AE2C5 /* LocationPicker in Frameworks */ = {isa = PBXBuildFile; productRef = 674B71B7285A1FCF006AE2C5 /* LocationPicker */; };
		674B71BA285A1FDE006AE2C5 /* Configuration.storekit in Resources */ = {isa = PBXBuildFile; fileRef = 674B71B9285A1FDE006AE2C5 /* Configuration.storekit */; };
		674B71BC285A1FFA006AE2C5 /* StoreKitManager.swift in Sources */ = {isa = PBXBuildFile; fileRef = 674B71BB285A1FFA006AE2C5 /* StoreKitManager.swift */; };
		674B71C1285A2142006AE2C5 /* emailNotifications.swift in Sources */ = {isa = PBXBuildFile; fileRef = 674B71C0285A2142006AE2C5 /* emailNotifications.swift */; };
		674B71C3285A218A006AE2C5 /* Subscriptions.swift in Sources */ = {isa = PBXBuildFile; fileRef = 674B71C2285A218A006AE2C5 /* Subscriptions.swift */; };
		674B71C5285A24AD006AE2C5 /* Assets.xcassets in Resources */ = {isa = PBXBuildFile; fileRef = 674B71C4285A24AD006AE2C5 /* Assets.xcassets */; };
		674B71C8285A24C4006AE2C5 /* TasksProjectView.swift in Sources */ = {isa = PBXBuildFile; fileRef = 674B71C6285A24C4006AE2C5 /* TasksProjectView.swift */; };
		674B71C9285A24C4006AE2C5 /* ProjectView.swift in Sources */ = {isa = PBXBuildFile; fileRef = 674B71C7285A24C4006AE2C5 /* ProjectView.swift */; };
		6758CCFF28659D8700C34582 /* CheckInView.swift in Sources */ = {isa = PBXBuildFile; fileRef = 6758CCFD28659D8700C34582 /* CheckInView.swift */; };
		6758CD0B2867487900C34582 /* SwipeableView in Frameworks */ = {isa = PBXBuildFile; productRef = 6758CD0A2867487900C34582 /* SwipeableView */; };
		67E15459286C786D006A257C /* TabBar.swift in Sources */ = {isa = PBXBuildFile; fileRef = 67E15458286C786D006A257C /* TabBar.swift */; };
		67E1545B286C7882006A257C /* OrgUsers_Projects.swift in Sources */ = {isa = PBXBuildFile; fileRef = 67E1545A286C7882006A257C /* OrgUsers_Projects.swift */; };
		67E15477286C7894006A257C /* MakeTaskCell2.swift in Sources */ = {isa = PBXBuildFile; fileRef = 67E1545E286C7894006A257C /* MakeTaskCell2.swift */; };
		67E15478286C7894006A257C /* MakeTaskCell.swift in Sources */ = {isa = PBXBuildFile; fileRef = 67E1545F286C7894006A257C /* MakeTaskCell.swift */; };
		67E15479286C7894006A257C /* AddTask.swift in Sources */ = {isa = PBXBuildFile; fileRef = 67E15460286C7894006A257C /* AddTask.swift */; };
		67E1547A286C7894006A257C /* TaskCard.swift in Sources */ = {isa = PBXBuildFile; fileRef = 67E15461286C7894006A257C /* TaskCard.swift */; };
		67E1547B286C7894006A257C /* calendarTab.swift in Sources */ = {isa = PBXBuildFile; fileRef = 67E15462286C7894006A257C /* calendarTab.swift */; };
		67E1547C286C7894006A257C /* MeetingCard.swift in Sources */ = {isa = PBXBuildFile; fileRef = 67E15464286C7894006A257C /* MeetingCard.swift */; };
		67E1547D286C7894006A257C /* MakeMeetingCell2.swift in Sources */ = {isa = PBXBuildFile; fileRef = 67E15465286C7894006A257C /* MakeMeetingCell2.swift */; };
		67E1547E286C7894006A257C /* MakeMeetingCell.swift in Sources */ = {isa = PBXBuildFile; fileRef = 67E15466286C7894006A257C /* MakeMeetingCell.swift */; };
		67E1547F286C7894006A257C /* AddMeeting.swift in Sources */ = {isa = PBXBuildFile; fileRef = 67E15467286C7894006A257C /* AddMeeting.swift */; };
		67E15480286C7894006A257C /* ProjectsTasks.swift in Sources */ = {isa = PBXBuildFile; fileRef = 67E15469286C7894006A257C /* ProjectsTasks.swift */; };
		67E15481286C7894006A257C /* projectsTab.swift in Sources */ = {isa = PBXBuildFile; fileRef = 67E1546A286C7894006A257C /* projectsTab.swift */; };
		67E15482286C7894006A257C /* ProjectCard.swift in Sources */ = {isa = PBXBuildFile; fileRef = 67E1546B286C7894006A257C /* ProjectCard.swift */; };
		67E15483286C7894006A257C /* CreateProject.swift in Sources */ = {isa = PBXBuildFile; fileRef = 67E1546C286C7894006A257C /* CreateProject.swift */; };
		67E15484286C7894006A257C /* manageMembers.swift in Sources */ = {isa = PBXBuildFile; fileRef = 67E1546E286C7894006A257C /* manageMembers.swift */; };
		67E15485286C7894006A257C /* ImportSheetApp.swift in Sources */ = {isa = PBXBuildFile; fileRef = 67E1546F286C7894006A257C /* ImportSheetApp.swift */; };
		67E15486286C7894006A257C /* CSVDocument.swift in Sources */ = {isa = PBXBuildFile; fileRef = 67E15470286C7894006A257C /* CSVDocument.swift */; };
		67E15487286C7894006A257C /* Today.swift in Sources */ = {isa = PBXBuildFile; fileRef = 67E15471286C7894006A257C /* Today.swift */; };
		67E15488286C7894006A257C /* InitialsPicture.swift in Sources */ = {isa = PBXBuildFile; fileRef = 67E15473286C7894006A257C /* InitialsPicture.swift */; };
		67E15489286C7894006A257C /* TextView.swift in Sources */ = {isa = PBXBuildFile; fileRef = 67E15474286C7894006A257C /* TextView.swift */; };
		67E1548A286C7894006A257C /* notificationTab.swift in Sources */ = {isa = PBXBuildFile; fileRef = 67E15476286C7894006A257C /* notificationTab.swift */; };
		67E1548C286C7EA6006A257C /* cardCell.swift in Sources */ = {isa = PBXBuildFile; fileRef = 67E1548B286C7EA6006A257C /* cardCell.swift */; };
		67E1548E286C7FD0006A257C /* ProjectFilesView.swift in Sources */ = {isa = PBXBuildFile; fileRef = 67E1548D286C7FD0006A257C /* ProjectFilesView.swift */; };
		67E15490286C8142006A257C /* PDFFileView.swift in Sources */ = {isa = PBXBuildFile; fileRef = 67E1548F286C8142006A257C /* PDFFileView.swift */; };
		67E15492286C8BA9006A257C /* AuthView.swift in Sources */ = {isa = PBXBuildFile; fileRef = 67E15491286C8BA9006A257C /* AuthView.swift */; };
		67E15494286C8F70006A257C /* UserAuthVM.swift in Sources */ = {isa = PBXBuildFile; fileRef = 67E15493286C8F70006A257C /* UserAuthVM.swift */; };
		67E1549B286DE81C006A257C /* Localizable.strings in Resources */ = {isa = PBXBuildFile; fileRef = 67E1549D286DE81C006A257C /* Localizable.strings */; };
/* End PBXBuildFile section */

/* Begin PBXFileReference section */
		67126301285B55DB0097D772 /* GoogleService-Info.plist */ = {isa = PBXFileReference; fileEncoding = 4; lastKnownFileType = text.plist.xml; name = "GoogleService-Info.plist"; path = "../GoogleService-Info.plist"; sourceTree = "<group>"; };
		671263052860B6590097D772 /* SwiftUIView.swift */ = {isa = PBXFileReference; lastKnownFileType = sourcecode.swift; path = SwiftUIView.swift; sourceTree = "<group>"; };
		6712630A2861F3D00097D772 /* MessageDocument.swift */ = {isa = PBXFileReference; fileEncoding = 4; lastKnownFileType = sourcecode.swift; path = MessageDocument.swift; sourceTree = "<group>"; };
		6712630E2861F4950097D772 /* SignUpFormVM.swift */ = {isa = PBXFileReference; fileEncoding = 4; lastKnownFileType = sourcecode.swift; path = SignUpFormVM.swift; sourceTree = "<group>"; };
		6712630F2861F4950097D772 /* SignInFormVM.swift */ = {isa = PBXFileReference; fileEncoding = 4; lastKnownFileType = sourcecode.swift; path = SignInFormVM.swift; sourceTree = "<group>"; };
		671263152861F5BD0097D772 /* LocationPickerView.swift */ = {isa = PBXFileReference; fileEncoding = 4; lastKnownFileType = sourcecode.swift; path = LocationPickerView.swift; sourceTree = "<group>"; };
		671263162861F5BD0097D772 /* ResetPasswordView.swift */ = {isa = PBXFileReference; fileEncoding = 4; lastKnownFileType = sourcecode.swift; path = ResetPasswordView.swift; sourceTree = "<group>"; };
		671263172861F5BD0097D772 /* MapView.swift */ = {isa = PBXFileReference; fileEncoding = 4; lastKnownFileType = sourcecode.swift; path = MapView.swift; sourceTree = "<group>"; };
		671263182861F5BD0097D772 /* SignInView.swift */ = {isa = PBXFileReference; fileEncoding = 4; lastKnownFileType = sourcecode.swift; path = SignInView.swift; sourceTree = "<group>"; };
		671263192861F5BD0097D772 /* SignUpView.swift */ = {isa = PBXFileReference; fileEncoding = 4; lastKnownFileType = sourcecode.swift; path = SignUpView.swift; sourceTree = "<group>"; };
		674B7131285A134A006AE2C5 /* etmam.app */ = {isa = PBXFileReference; explicitFileType = wrapper.application; includeInIndex = 0; path = etmam.app; sourceTree = BUILT_PRODUCTS_DIR; };
		674B7134285A134A006AE2C5 /* etmamApp.swift */ = {isa = PBXFileReference; lastKnownFileType = sourcecode.swift; path = etmamApp.swift; sourceTree = "<group>"; };
		674B7136285A134A006AE2C5 /* ContentView.swift */ = {isa = PBXFileReference; lastKnownFileType = sourcecode.swift; path = ContentView.swift; sourceTree = "<group>"; };
		674B713B285A134A006AE2C5 /* Preview Assets.xcassets */ = {isa = PBXFileReference; lastKnownFileType = folder.assetcatalog; path = "Preview Assets.xcassets"; sourceTree = "<group>"; };
		674B7168285A1C1C006AE2C5 /* StoreKit.framework */ = {isa = PBXFileReference; lastKnownFileType = wrapper.framework; name = StoreKit.framework; path = System/Library/Frameworks/StoreKit.framework; sourceTree = SDKROOT; };
		674B716B285A1CA9006AE2C5 /* meetingDatabaseVM.swift */ = {isa = PBXFileReference; fileEncoding = 4; lastKnownFileType = sourcecode.swift; path = meetingDatabaseVM.swift; sourceTree = "<group>"; };
		674B716C285A1CA9006AE2C5 /* orgDatabaseVM.swift */ = {isa = PBXFileReference; fileEncoding = 4; lastKnownFileType = sourcecode.swift; path = orgDatabaseVM.swift; sourceTree = "<group>"; };
		674B716E285A1CA9006AE2C5 /* Meeting.swift */ = {isa = PBXFileReference; fileEncoding = 4; lastKnownFileType = sourcecode.swift; path = Meeting.swift; sourceTree = "<group>"; };
		674B716F285A1CA9006AE2C5 /* Organization.swift */ = {isa = PBXFileReference; fileEncoding = 4; lastKnownFileType = sourcecode.swift; path = Organization.swift; sourceTree = "<group>"; };
		674B7170285A1CA9006AE2C5 /* User.swift */ = {isa = PBXFileReference; fileEncoding = 4; lastKnownFileType = sourcecode.swift; path = User.swift; sourceTree = "<group>"; };
		674B7171285A1CA9006AE2C5 /* Project.swift */ = {isa = PBXFileReference; fileEncoding = 4; lastKnownFileType = sourcecode.swift; path = Project.swift; sourceTree = "<group>"; };
		674B7172285A1CA9006AE2C5 /* Task.swift */ = {isa = PBXFileReference; fileEncoding = 4; lastKnownFileType = sourcecode.swift; path = Task.swift; sourceTree = "<group>"; };
		674B7173285A1CA9006AE2C5 /* projectDatabaseVM.swift */ = {isa = PBXFileReference; fileEncoding = 4; lastKnownFileType = sourcecode.swift; path = projectDatabaseVM.swift; sourceTree = "<group>"; };
		674B7174285A1CA9006AE2C5 /* taskDatabaseVM.swift */ = {isa = PBXFileReference; fileEncoding = 4; lastKnownFileType = sourcecode.swift; path = taskDatabaseVM.swift; sourceTree = "<group>"; };
		674B7175285A1CA9006AE2C5 /* userDatabaseVM.swift */ = {isa = PBXFileReference; fileEncoding = 4; lastKnownFileType = sourcecode.swift; path = userDatabaseVM.swift; sourceTree = "<group>"; };
		674B71B9285A1FDE006AE2C5 /* Configuration.storekit */ = {isa = PBXFileReference; fileEncoding = 4; lastKnownFileType = text; path = Configuration.storekit; sourceTree = "<group>"; };
		674B71BB285A1FFA006AE2C5 /* StoreKitManager.swift */ = {isa = PBXFileReference; fileEncoding = 4; lastKnownFileType = sourcecode.swift; path = StoreKitManager.swift; sourceTree = "<group>"; };
		674B71C0285A2142006AE2C5 /* emailNotifications.swift */ = {isa = PBXFileReference; lastKnownFileType = sourcecode.swift; path = emailNotifications.swift; sourceTree = "<group>"; };
		674B71C2285A218A006AE2C5 /* Subscriptions.swift */ = {isa = PBXFileReference; lastKnownFileType = sourcecode.swift; path = Subscriptions.swift; sourceTree = "<group>"; };
		674B71C4285A24AD006AE2C5 /* Assets.xcassets */ = {isa = PBXFileReference; lastKnownFileType = folder.assetcatalog; name = Assets.xcassets; path = ../../PolarisNew/PolarisNew/Assets.xcassets; sourceTree = "<group>"; };
		674B71C6285A24C4006AE2C5 /* TasksProjectView.swift */ = {isa = PBXFileReference; fileEncoding = 4; lastKnownFileType = sourcecode.swift; path = TasksProjectView.swift; sourceTree = "<group>"; };
		674B71C7285A24C4006AE2C5 /* ProjectView.swift */ = {isa = PBXFileReference; fileEncoding = 4; lastKnownFileType = sourcecode.swift; path = ProjectView.swift; sourceTree = "<group>"; };
		6758CCFD28659D8700C34582 /* CheckInView.swift */ = {isa = PBXFileReference; fileEncoding = 4; lastKnownFileType = sourcecode.swift; path = CheckInView.swift; sourceTree = "<group>"; };
		67E15458286C786D006A257C /* TabBar.swift */ = {isa = PBXFileReference; fileEncoding = 4; lastKnownFileType = sourcecode.swift; path = TabBar.swift; sourceTree = "<group>"; };
		67E1545A286C7882006A257C /* OrgUsers_Projects.swift */ = {isa = PBXFileReference; fileEncoding = 4; lastKnownFileType = sourcecode.swift; path = OrgUsers_Projects.swift; sourceTree = "<group>"; };
		67E1545E286C7894006A257C /* MakeTaskCell2.swift */ = {isa = PBXFileReference; fileEncoding = 4; lastKnownFileType = sourcecode.swift; path = MakeTaskCell2.swift; sourceTree = "<group>"; };
		67E1545F286C7894006A257C /* MakeTaskCell.swift */ = {isa = PBXFileReference; fileEncoding = 4; lastKnownFileType = sourcecode.swift; path = MakeTaskCell.swift; sourceTree = "<group>"; };
		67E15460286C7894006A257C /* AddTask.swift */ = {isa = PBXFileReference; fileEncoding = 4; lastKnownFileType = sourcecode.swift; path = AddTask.swift; sourceTree = "<group>"; };
		67E15461286C7894006A257C /* TaskCard.swift */ = {isa = PBXFileReference; fileEncoding = 4; lastKnownFileType = sourcecode.swift; path = TaskCard.swift; sourceTree = "<group>"; };
		67E15462286C7894006A257C /* calendarTab.swift */ = {isa = PBXFileReference; fileEncoding = 4; lastKnownFileType = sourcecode.swift; path = calendarTab.swift; sourceTree = "<group>"; };
		67E15464286C7894006A257C /* MeetingCard.swift */ = {isa = PBXFileReference; fileEncoding = 4; lastKnownFileType = sourcecode.swift; path = MeetingCard.swift; sourceTree = "<group>"; };
		67E15465286C7894006A257C /* MakeMeetingCell2.swift */ = {isa = PBXFileReference; fileEncoding = 4; lastKnownFileType = sourcecode.swift; path = MakeMeetingCell2.swift; sourceTree = "<group>"; };
		67E15466286C7894006A257C /* MakeMeetingCell.swift */ = {isa = PBXFileReference; fileEncoding = 4; lastKnownFileType = sourcecode.swift; path = MakeMeetingCell.swift; sourceTree = "<group>"; };
		67E15467286C7894006A257C /* AddMeeting.swift */ = {isa = PBXFileReference; fileEncoding = 4; lastKnownFileType = sourcecode.swift; path = AddMeeting.swift; sourceTree = "<group>"; };
		67E15469286C7894006A257C /* ProjectsTasks.swift */ = {isa = PBXFileReference; fileEncoding = 4; lastKnownFileType = sourcecode.swift; path = ProjectsTasks.swift; sourceTree = "<group>"; };
		67E1546A286C7894006A257C /* projectsTab.swift */ = {isa = PBXFileReference; fileEncoding = 4; lastKnownFileType = sourcecode.swift; path = projectsTab.swift; sourceTree = "<group>"; };
		67E1546B286C7894006A257C /* ProjectCard.swift */ = {isa = PBXFileReference; fileEncoding = 4; lastKnownFileType = sourcecode.swift; path = ProjectCard.swift; sourceTree = "<group>"; };
		67E1546C286C7894006A257C /* CreateProject.swift */ = {isa = PBXFileReference; fileEncoding = 4; lastKnownFileType = sourcecode.swift; path = CreateProject.swift; sourceTree = "<group>"; };
		67E1546E286C7894006A257C /* manageMembers.swift */ = {isa = PBXFileReference; fileEncoding = 4; lastKnownFileType = sourcecode.swift; path = manageMembers.swift; sourceTree = "<group>"; };
		67E1546F286C7894006A257C /* ImportSheetApp.swift */ = {isa = PBXFileReference; fileEncoding = 4; lastKnownFileType = sourcecode.swift; path = ImportSheetApp.swift; sourceTree = "<group>"; };
		67E15470286C7894006A257C /* CSVDocument.swift */ = {isa = PBXFileReference; fileEncoding = 4; lastKnownFileType = sourcecode.swift; path = CSVDocument.swift; sourceTree = "<group>"; };
		67E15471286C7894006A257C /* Today.swift */ = {isa = PBXFileReference; fileEncoding = 4; lastKnownFileType = sourcecode.swift; path = Today.swift; sourceTree = "<group>"; };
		67E15473286C7894006A257C /* InitialsPicture.swift */ = {isa = PBXFileReference; fileEncoding = 4; lastKnownFileType = sourcecode.swift; path = InitialsPicture.swift; sourceTree = "<group>"; };
		67E15474286C7894006A257C /* TextView.swift */ = {isa = PBXFileReference; fileEncoding = 4; lastKnownFileType = sourcecode.swift; path = TextView.swift; sourceTree = "<group>"; };
		67E15476286C7894006A257C /* notificationTab.swift */ = {isa = PBXFileReference; fileEncoding = 4; lastKnownFileType = sourcecode.swift; path = notificationTab.swift; sourceTree = "<group>"; };
		67E1548B286C7EA6006A257C /* cardCell.swift */ = {isa = PBXFileReference; fileEncoding = 4; lastKnownFileType = sourcecode.swift; path = cardCell.swift; sourceTree = "<group>"; };
		67E1548D286C7FD0006A257C /* ProjectFilesView.swift */ = {isa = PBXFileReference; lastKnownFileType = sourcecode.swift; path = ProjectFilesView.swift; sourceTree = "<group>"; };
		67E1548F286C8142006A257C /* PDFFileView.swift */ = {isa = PBXFileReference; lastKnownFileType = sourcecode.swift; path = PDFFileView.swift; sourceTree = "<group>"; };
		67E15491286C8BA9006A257C /* AuthView.swift */ = {isa = PBXFileReference; lastKnownFileType = sourcecode.swift; path = AuthView.swift; sourceTree = "<group>"; };
		67E15493286C8F70006A257C /* UserAuthVM.swift */ = {isa = PBXFileReference; fileEncoding = 4; lastKnownFileType = sourcecode.swift; path = UserAuthVM.swift; sourceTree = "<group>"; };
		67E1549C286DE81C006A257C /* ar */ = {isa = PBXFileReference; lastKnownFileType = text.plist.strings; name = ar; path = ar.lproj/Localizable.strings; sourceTree = "<group>"; };
		67E1549E286DE820006A257C /* en */ = {isa = PBXFileReference; lastKnownFileType = text.plist.strings; name = en; path = en.lproj/Localizable.strings; sourceTree = "<group>"; };
/* End PBXFileReference section */

/* Begin PBXFrameworksBuildPhase section */
		674B712E285A134A006AE2C5 /* Frameworks */ = {
			isa = PBXFrameworksBuildPhase;
			buildActionMask = 2147483647;
			files = (
				674B7166285A1BA2006AE2C5 /* BetterSafariView in Frameworks */,
				674B719D285A1E22006AE2C5 /* FirebaseFirestoreSwift in Frameworks */,
				674B7187285A1E21006AE2C5 /* FirebaseAnalyticsWithoutAdIdSupport in Frameworks */,
				674B71AB285A1E23006AE2C5 /* FirebaseMLModelDownloader in Frameworks */,
				674B71A9285A1E23006AE2C5 /* FirebaseMessaging in Frameworks */,
				674B719F285A1E22006AE2C5 /* FirebaseFunctions in Frameworks */,
				674B7169285A1C1C006AE2C5 /* StoreKit.framework in Frameworks */,
				674B7181285A1E21006AE2C5 /* FirebaseAnalytics in Frameworks */,
				674B718D285A1E22006AE2C5 /* FirebaseAuth in Frameworks */,
				674B7197285A1E22006AE2C5 /* FirebaseDynamicLinks in Frameworks */,
				674B7191285A1E22006AE2C5 /* FirebaseCrashlytics in Frameworks */,
				674B7195285A1E22006AE2C5 /* FirebaseDatabaseSwift in Frameworks */,
				674B7199285A1E22006AE2C5 /* FirebaseFirestore in Frameworks */,
				674B71A7285A1E23006AE2C5 /* FirebaseInstallations in Frameworks */,
				674B71A1285A1E23006AE2C5 /* FirebaseFunctionsCombine-Community in Frameworks */,
				674B719B285A1E22006AE2C5 /* FirebaseFirestoreCombine-Community in Frameworks */,
				674B7193285A1E22006AE2C5 /* FirebaseDatabase in Frameworks */,
				674B71AD285A1E24006AE2C5 /* FirebasePerformance in Frameworks */,
				674B7189285A1E21006AE2C5 /* FirebaseAppCheck in Frameworks */,
				674B7183285A1E21006AE2C5 /* FirebaseAnalyticsOnDeviceConversion in Frameworks */,
				6758CD0B2867487900C34582 /* SwipeableView in Frameworks */,
				674B71A5285A1E23006AE2C5 /* FirebaseInAppMessagingSwift-Beta in Frameworks */,
				674B71B1285A1E24006AE2C5 /* FirebaseRemoteConfigSwift in Frameworks */,
				674B7185285A1E21006AE2C5 /* FirebaseAnalyticsSwift in Frameworks */,
				674B718B285A1E22006AE2C5 /* FirebaseAppDistribution-Beta in Frameworks */,
				674B71AF285A1E24006AE2C5 /* FirebaseRemoteConfig in Frameworks */,
				674B71B3285A1E24006AE2C5 /* FirebaseStorage in Frameworks */,
				674B718F285A1E22006AE2C5 /* FirebaseAuthCombine-Community in Frameworks */,
				674B71B8285A1FCF006AE2C5 /* LocationPicker in Frameworks */,
				674B71B5285A1E24006AE2C5 /* FirebaseStorageCombine-Community in Frameworks */,
				674B71A3285A1E23006AE2C5 /* FirebaseInAppMessaging-Beta in Frameworks */,
			);
			runOnlyForDeploymentPostprocessing = 0;
		};
/* End PBXFrameworksBuildPhase section */

/* Begin PBXGroup section */
		6712630D2861F4950097D772 /* FormValidators */ = {
			isa = PBXGroup;
			children = (
				6712630E2861F4950097D772 /* SignUpFormVM.swift */,
				6712630F2861F4950097D772 /* SignInFormVM.swift */,
			);
			path = FormValidators;
			sourceTree = "<group>";
		};
		671263142861F5BD0097D772 /* AuthViews */ = {
			isa = PBXGroup;
			children = (
				671263152861F5BD0097D772 /* LocationPickerView.swift */,
				671263162861F5BD0097D772 /* ResetPasswordView.swift */,
				671263172861F5BD0097D772 /* MapView.swift */,
				671263182861F5BD0097D772 /* SignInView.swift */,
				67E15493286C8F70006A257C /* UserAuthVM.swift */,
				671263192861F5BD0097D772 /* SignUpView.swift */,
				67E15491286C8BA9006A257C /* AuthView.swift */,
			);
			path = AuthViews;
			sourceTree = "<group>";
		};
		674B7128285A134A006AE2C5 = {
			isa = PBXGroup;
			children = (
				67E1549D286DE81C006A257C /* Localizable.strings */,
				674B7133285A134A006AE2C5 /* etmam */,
				674B7132285A134A006AE2C5 /* Products */,
				674B7167285A1C1C006AE2C5 /* Frameworks */,
			);
			sourceTree = "<group>";
		};
		674B7132285A134A006AE2C5 /* Products */ = {
			isa = PBXGroup;
			children = (
				674B7131285A134A006AE2C5 /* etmam.app */,
			);
			name = Products;
			sourceTree = "<group>";
		};
		674B7133285A134A006AE2C5 /* etmam */ = {
			isa = PBXGroup;
			children = (
				671263052860B6590097D772 /* SwiftUIView.swift */,
				67E1548F286C8142006A257C /* PDFFileView.swift */,
				67E1548D286C7FD0006A257C /* ProjectFilesView.swift */,
				67E1545C286C7894006A257C /* CalendarTab */,
				67E15472286C7894006A257C /* Extensions */,
				67E15475286C7894006A257C /* NotificationTab */,
				67E15468286C7894006A257C /* ProjectTab */,
				67E1546D286C7894006A257C /* TodayTab */,
				6758CCFD28659D8700C34582 /* CheckInView.swift */,
				67E15458286C786D006A257C /* TabBar.swift */,
				6712630D2861F4950097D772 /* FormValidators */,
				674B71C7285A24C4006AE2C5 /* ProjectView.swift */,
				674B71C6285A24C4006AE2C5 /* TasksProjectView.swift */,
				67E1548B286C7EA6006A257C /* cardCell.swift */,
				67E1545A286C7882006A257C /* OrgUsers_Projects.swift */,
				6712630A2861F3D00097D772 /* MessageDocument.swift */,
				674B71BD285A2030006AE2C5 /* StoreKit_VM */,
				674B7134285A134A006AE2C5 /* etmamApp.swift */,
				674B7136285A134A006AE2C5 /* ContentView.swift */,
				674B71C4285A24AD006AE2C5 /* Assets.xcassets */,
				671263142861F5BD0097D772 /* AuthViews */,
				674B716A285A1CA9006AE2C5 /* DB_VM */,
				674B713A285A134A006AE2C5 /* Preview Content */,
				674B71C0285A2142006AE2C5 /* emailNotifications.swift */,
			);
			path = etmam;
			sourceTree = "<group>";
		};
		674B713A285A134A006AE2C5 /* Preview Content */ = {
			isa = PBXGroup;
			children = (
				674B71B9285A1FDE006AE2C5 /* Configuration.storekit */,
				674B713B285A134A006AE2C5 /* Preview Assets.xcassets */,
			);
			path = "Preview Content";
			sourceTree = "<group>";
		};
		674B7167285A1C1C006AE2C5 /* Frameworks */ = {
			isa = PBXGroup;
			children = (
				674B7168285A1C1C006AE2C5 /* StoreKit.framework */,
			);
			name = Frameworks;
			sourceTree = "<group>";
		};
		674B716A285A1CA9006AE2C5 /* DB_VM */ = {
			isa = PBXGroup;
			children = (
				67126301285B55DB0097D772 /* GoogleService-Info.plist */,
				674B716D285A1CA9006AE2C5 /* Models */,
				674B716B285A1CA9006AE2C5 /* meetingDatabaseVM.swift */,
				674B716C285A1CA9006AE2C5 /* orgDatabaseVM.swift */,
				674B7173285A1CA9006AE2C5 /* projectDatabaseVM.swift */,
				674B7174285A1CA9006AE2C5 /* taskDatabaseVM.swift */,
				674B7175285A1CA9006AE2C5 /* userDatabaseVM.swift */,
			);
			name = DB_VM;
			path = ../../testFirebase/testFirebase/DB_VM;
			sourceTree = "<group>";
		};
		674B716D285A1CA9006AE2C5 /* Models */ = {
			isa = PBXGroup;
			children = (
				674B716E285A1CA9006AE2C5 /* Meeting.swift */,
				674B716F285A1CA9006AE2C5 /* Organization.swift */,
				674B7170285A1CA9006AE2C5 /* User.swift */,
				674B7171285A1CA9006AE2C5 /* Project.swift */,
				674B7172285A1CA9006AE2C5 /* Task.swift */,
			);
			path = Models;
			sourceTree = "<group>";
		};
		674B71BD285A2030006AE2C5 /* StoreKit_VM */ = {
			isa = PBXGroup;
			children = (
				674B71BB285A1FFA006AE2C5 /* StoreKitManager.swift */,
				674B71C2285A218A006AE2C5 /* Subscriptions.swift */,
			);
			path = StoreKit_VM;
			sourceTree = "<group>";
		};
		67E1545C286C7894006A257C /* CalendarTab */ = {
			isa = PBXGroup;
			children = (
				67E1545D286C7894006A257C /* Task_FrontEnd */,
				67E15462286C7894006A257C /* calendarTab.swift */,
				67E15463286C7894006A257C /* Meeting_FrontEnd */,
			);
			path = CalendarTab;
			sourceTree = "<group>";
		};
		67E1545D286C7894006A257C /* Task_FrontEnd */ = {
			isa = PBXGroup;
			children = (
				67E1545E286C7894006A257C /* MakeTaskCell2.swift */,
				67E1545F286C7894006A257C /* MakeTaskCell.swift */,
				67E15460286C7894006A257C /* AddTask.swift */,
				67E15461286C7894006A257C /* TaskCard.swift */,
			);
			path = Task_FrontEnd;
			sourceTree = "<group>";
		};
		67E15463286C7894006A257C /* Meeting_FrontEnd */ = {
			isa = PBXGroup;
			children = (
				67E15464286C7894006A257C /* MeetingCard.swift */,
				67E15465286C7894006A257C /* MakeMeetingCell2.swift */,
				67E15466286C7894006A257C /* MakeMeetingCell.swift */,
				67E15467286C7894006A257C /* AddMeeting.swift */,
			);
			path = Meeting_FrontEnd;
			sourceTree = "<group>";
		};
		67E15468286C7894006A257C /* ProjectTab */ = {
			isa = PBXGroup;
			children = (
				67E15469286C7894006A257C /* ProjectsTasks.swift */,
				67E1546A286C7894006A257C /* projectsTab.swift */,
				67E1546B286C7894006A257C /* ProjectCard.swift */,
				67E1546C286C7894006A257C /* CreateProject.swift */,
			);
			path = ProjectTab;
			sourceTree = "<group>";
		};
		67E1546D286C7894006A257C /* TodayTab */ = {
			isa = PBXGroup;
			children = (
				67E1546E286C7894006A257C /* manageMembers.swift */,
				67E1546F286C7894006A257C /* ImportSheetApp.swift */,
				67E15470286C7894006A257C /* CSVDocument.swift */,
				67E15471286C7894006A257C /* Today.swift */,
			);
			path = TodayTab;
			sourceTree = "<group>";
		};
		67E15472286C7894006A257C /* Extensions */ = {
			isa = PBXGroup;
			children = (
				67E15473286C7894006A257C /* InitialsPicture.swift */,
				67E15474286C7894006A257C /* TextView.swift */,
			);
			path = Extensions;
			sourceTree = "<group>";
		};
		67E15475286C7894006A257C /* NotificationTab */ = {
			isa = PBXGroup;
			children = (
				67E15476286C7894006A257C /* notificationTab.swift */,
			);
			path = NotificationTab;
			sourceTree = "<group>";
		};
/* End PBXGroup section */

/* Begin PBXNativeTarget section */
		674B7130285A134A006AE2C5 /* etmam */ = {
			isa = PBXNativeTarget;
			buildConfigurationList = 674B713F285A134A006AE2C5 /* Build configuration list for PBXNativeTarget "etmam" */;
			buildPhases = (
				674B712D285A134A006AE2C5 /* Sources */,
				674B712E285A134A006AE2C5 /* Frameworks */,
				674B712F285A134A006AE2C5 /* Resources */,
			);
			buildRules = (
			);
			dependencies = (
			);
			name = etmam;
			packageProductDependencies = (
				674B7165285A1BA2006AE2C5 /* BetterSafariView */,
				674B7180285A1E21006AE2C5 /* FirebaseAnalytics */,
				674B7182285A1E21006AE2C5 /* FirebaseAnalyticsOnDeviceConversion */,
				674B7184285A1E21006AE2C5 /* FirebaseAnalyticsSwift */,
				674B7186285A1E21006AE2C5 /* FirebaseAnalyticsWithoutAdIdSupport */,
				674B7188285A1E21006AE2C5 /* FirebaseAppCheck */,
				674B718A285A1E22006AE2C5 /* FirebaseAppDistribution-Beta */,
				674B718C285A1E22006AE2C5 /* FirebaseAuth */,
				674B718E285A1E22006AE2C5 /* FirebaseAuthCombine-Community */,
				674B7190285A1E22006AE2C5 /* FirebaseCrashlytics */,
				674B7192285A1E22006AE2C5 /* FirebaseDatabase */,
				674B7194285A1E22006AE2C5 /* FirebaseDatabaseSwift */,
				674B7196285A1E22006AE2C5 /* FirebaseDynamicLinks */,
				674B7198285A1E22006AE2C5 /* FirebaseFirestore */,
				674B719A285A1E22006AE2C5 /* FirebaseFirestoreCombine-Community */,
				674B719C285A1E22006AE2C5 /* FirebaseFirestoreSwift */,
				674B719E285A1E22006AE2C5 /* FirebaseFunctions */,
				674B71A0285A1E23006AE2C5 /* FirebaseFunctionsCombine-Community */,
				674B71A2285A1E23006AE2C5 /* FirebaseInAppMessaging-Beta */,
				674B71A4285A1E23006AE2C5 /* FirebaseInAppMessagingSwift-Beta */,
				674B71A6285A1E23006AE2C5 /* FirebaseInstallations */,
				674B71A8285A1E23006AE2C5 /* FirebaseMessaging */,
				674B71AA285A1E23006AE2C5 /* FirebaseMLModelDownloader */,
				674B71AC285A1E24006AE2C5 /* FirebasePerformance */,
				674B71AE285A1E24006AE2C5 /* FirebaseRemoteConfig */,
				674B71B0285A1E24006AE2C5 /* FirebaseRemoteConfigSwift */,
				674B71B2285A1E24006AE2C5 /* FirebaseStorage */,
				674B71B4285A1E24006AE2C5 /* FirebaseStorageCombine-Community */,
				674B71B7285A1FCF006AE2C5 /* LocationPicker */,
				6758CD0A2867487900C34582 /* SwipeableView */,
			);
			productName = etmam;
			productReference = 674B7131285A134A006AE2C5 /* etmam.app */;
			productType = "com.apple.product-type.application";
		};
/* End PBXNativeTarget section */

/* Begin PBXProject section */
		674B7129285A134A006AE2C5 /* Project object */ = {
			isa = PBXProject;
			attributes = {
				BuildIndependentTargetsInParallel = 1;
				LastSwiftUpdateCheck = 1320;
				LastUpgradeCheck = 1320;
				TargetAttributes = {
					674B7130285A134A006AE2C5 = {
						CreatedOnToolsVersion = 13.2.1;
					};
				};
			};
			buildConfigurationList = 674B712C285A134A006AE2C5 /* Build configuration list for PBXProject "etmam" */;
			compatibilityVersion = "Xcode 13.0";
			developmentRegion = en;
			hasScannedForEncodings = 0;
			knownRegions = (
				en,
				Base,
				ar,
			);
			mainGroup = 674B7128285A134A006AE2C5;
			packageReferences = (
				674B7142285A1974006AE2C5 /* XCRemoteSwiftPackageReference "firebase-ios-sdk" */,
				674B7164285A1BA2006AE2C5 /* XCRemoteSwiftPackageReference "BetterSafariView" */,
				674B71B6285A1FCF006AE2C5 /* XCRemoteSwiftPackageReference "LocationPicker" */,
				6758CD092867487900C34582 /* XCRemoteSwiftPackageReference "SwipebleView" */,
			);
			productRefGroup = 674B7132285A134A006AE2C5 /* Products */;
			projectDirPath = "";
			projectRoot = "";
			targets = (
				674B7130285A134A006AE2C5 /* etmam */,
			);
		};
/* End PBXProject section */

/* Begin PBXResourcesBuildPhase section */
		674B712F285A134A006AE2C5 /* Resources */ = {
			isa = PBXResourcesBuildPhase;
			buildActionMask = 2147483647;
			files = (
				67E1549B286DE81C006A257C /* Localizable.strings in Resources */,
				674B713C285A134A006AE2C5 /* Preview Assets.xcassets in Resources */,
				67126302285B55DB0097D772 /* GoogleService-Info.plist in Resources */,
				674B71BA285A1FDE006AE2C5 /* Configuration.storekit in Resources */,
				674B71C5285A24AD006AE2C5 /* Assets.xcassets in Resources */,
			);
			runOnlyForDeploymentPostprocessing = 0;
		};
/* End PBXResourcesBuildPhase section */

/* Begin PBXSourcesBuildPhase section */
		674B712D285A134A006AE2C5 /* Sources */ = {
			isa = PBXSourcesBuildPhase;
			buildActionMask = 2147483647;
			files = (
				67E1548A286C7894006A257C /* notificationTab.swift in Sources */,
				671263112861F4950097D772 /* SignInFormVM.swift in Sources */,
				674B7177285A1CA9006AE2C5 /* orgDatabaseVM.swift in Sources */,
				6712630C2861F3D00097D772 /* MessageDocument.swift in Sources */,
				67E1547C286C7894006A257C /* MeetingCard.swift in Sources */,
				67E15487286C7894006A257C /* Today.swift in Sources */,
				674B7137285A134A006AE2C5 /* ContentView.swift in Sources */,
				67E15483286C7894006A257C /* CreateProject.swift in Sources */,
				67E15492286C8BA9006A257C /* AuthView.swift in Sources */,
				67E1547F286C7894006A257C /* AddMeeting.swift in Sources */,
				67E15486286C7894006A257C /* CSVDocument.swift in Sources */,
				67E15488286C7894006A257C /* InitialsPicture.swift in Sources */,
				674B717D285A1CA9006AE2C5 /* projectDatabaseVM.swift in Sources */,
				67E1547D286C7894006A257C /* MakeMeetingCell2.swift in Sources */,
				67E1545B286C7882006A257C /* OrgUsers_Projects.swift in Sources */,
				674B717A285A1CA9006AE2C5 /* User.swift in Sources */,
				674B71C9285A24C4006AE2C5 /* ProjectView.swift in Sources */,
				674B717F285A1CA9006AE2C5 /* userDatabaseVM.swift in Sources */,
				6712631D2861F5BD0097D772 /* SignInView.swift in Sources */,
				67E15490286C8142006A257C /* PDFFileView.swift in Sources */,
				6758CCFF28659D8700C34582 /* CheckInView.swift in Sources */,
				67E15480286C7894006A257C /* ProjectsTasks.swift in Sources */,
				674B7178285A1CA9006AE2C5 /* Meeting.swift in Sources */,
				674B71C3285A218A006AE2C5 /* Subscriptions.swift in Sources */,
				674B7176285A1CA9006AE2C5 /* meetingDatabaseVM.swift in Sources */,
				67E15459286C786D006A257C /* TabBar.swift in Sources */,
				67E15485286C7894006A257C /* ImportSheetApp.swift in Sources */,
				67E1547B286C7894006A257C /* calendarTab.swift in Sources */,
				67E1548E286C7FD0006A257C /* ProjectFilesView.swift in Sources */,
				67E15484286C7894006A257C /* manageMembers.swift in Sources */,
				67E15481286C7894006A257C /* projectsTab.swift in Sources */,
				67E1547E286C7894006A257C /* MakeMeetingCell.swift in Sources */,
				6712631A2861F5BD0097D772 /* LocationPickerView.swift in Sources */,
				671263062860B6590097D772 /* SwiftUIView.swift in Sources */,
				67E15477286C7894006A257C /* MakeTaskCell2.swift in Sources */,
				67E15494286C8F70006A257C /* UserAuthVM.swift in Sources */,
				671263102861F4950097D772 /* SignUpFormVM.swift in Sources */,
				67E1548C286C7EA6006A257C /* cardCell.swift in Sources */,
				674B71C1285A2142006AE2C5 /* emailNotifications.swift in Sources */,
				6712631C2861F5BD0097D772 /* MapView.swift in Sources */,
				67E1547A286C7894006A257C /* TaskCard.swift in Sources */,
				674B71C8285A24C4006AE2C5 /* TasksProjectView.swift in Sources */,
				674B717E285A1CA9006AE2C5 /* taskDatabaseVM.swift in Sources */,
				674B7135285A134A006AE2C5 /* etmamApp.swift in Sources */,
				674B71BC285A1FFA006AE2C5 /* StoreKitManager.swift in Sources */,
				674B717B285A1CA9006AE2C5 /* Project.swift in Sources */,
				6712631E2861F5BD0097D772 /* SignUpView.swift in Sources */,
				6712631B2861F5BD0097D772 /* ResetPasswordView.swift in Sources */,
				67E15479286C7894006A257C /* AddTask.swift in Sources */,
				674B7179285A1CA9006AE2C5 /* Organization.swift in Sources */,
				67E15489286C7894006A257C /* TextView.swift in Sources */,
				67E15482286C7894006A257C /* ProjectCard.swift in Sources */,
				67E15478286C7894006A257C /* MakeTaskCell.swift in Sources */,
				674B717C285A1CA9006AE2C5 /* Task.swift in Sources */,
			);
			runOnlyForDeploymentPostprocessing = 0;
		};
/* End PBXSourcesBuildPhase section */

/* Begin PBXVariantGroup section */
		67E1549D286DE81C006A257C /* Localizable.strings */ = {
			isa = PBXVariantGroup;
			children = (
				67E1549C286DE81C006A257C /* ar */,
				67E1549E286DE820006A257C /* en */,
			);
			name = Localizable.strings;
			sourceTree = "<group>";
		};
/* End PBXVariantGroup section */

/* Begin XCBuildConfiguration section */
		674B713D285A134A006AE2C5 /* Debug */ = {
			isa = XCBuildConfiguration;
			buildSettings = {
				ALWAYS_SEARCH_USER_PATHS = NO;
				CLANG_ANALYZER_NONNULL = YES;
				CLANG_ANALYZER_NUMBER_OBJECT_CONVERSION = YES_AGGRESSIVE;
				CLANG_CXX_LANGUAGE_STANDARD = "gnu++17";
				CLANG_CXX_LIBRARY = "libc++";
				CLANG_ENABLE_MODULES = YES;
				CLANG_ENABLE_OBJC_ARC = YES;
				CLANG_ENABLE_OBJC_WEAK = YES;
				CLANG_WARN_BLOCK_CAPTURE_AUTORELEASING = YES;
				CLANG_WARN_BOOL_CONVERSION = YES;
				CLANG_WARN_COMMA = YES;
				CLANG_WARN_CONSTANT_CONVERSION = YES;
				CLANG_WARN_DEPRECATED_OBJC_IMPLEMENTATIONS = YES;
				CLANG_WARN_DIRECT_OBJC_ISA_USAGE = YES_ERROR;
				CLANG_WARN_DOCUMENTATION_COMMENTS = YES;
				CLANG_WARN_EMPTY_BODY = YES;
				CLANG_WARN_ENUM_CONVERSION = YES;
				CLANG_WARN_INFINITE_RECURSION = YES;
				CLANG_WARN_INT_CONVERSION = YES;
				CLANG_WARN_NON_LITERAL_NULL_CONVERSION = YES;
				CLANG_WARN_OBJC_IMPLICIT_RETAIN_SELF = YES;
				CLANG_WARN_OBJC_LITERAL_CONVERSION = YES;
				CLANG_WARN_OBJC_ROOT_CLASS = YES_ERROR;
				CLANG_WARN_QUOTED_INCLUDE_IN_FRAMEWORK_HEADER = YES;
				CLANG_WARN_RANGE_LOOP_ANALYSIS = YES;
				CLANG_WARN_STRICT_PROTOTYPES = YES;
				CLANG_WARN_SUSPICIOUS_MOVE = YES;
				CLANG_WARN_UNGUARDED_AVAILABILITY = YES_AGGRESSIVE;
				CLANG_WARN_UNREACHABLE_CODE = YES;
				CLANG_WARN__DUPLICATE_METHOD_MATCH = YES;
				COPY_PHASE_STRIP = NO;
				DEBUG_INFORMATION_FORMAT = dwarf;
				ENABLE_STRICT_OBJC_MSGSEND = YES;
				ENABLE_TESTABILITY = YES;
				GCC_C_LANGUAGE_STANDARD = gnu11;
				GCC_DYNAMIC_NO_PIC = NO;
				GCC_NO_COMMON_BLOCKS = YES;
				GCC_OPTIMIZATION_LEVEL = 0;
				GCC_PREPROCESSOR_DEFINITIONS = (
					"DEBUG=1",
					"$(inherited)",
				);
				GCC_WARN_64_TO_32_BIT_CONVERSION = YES;
				GCC_WARN_ABOUT_RETURN_TYPE = YES_ERROR;
				GCC_WARN_UNDECLARED_SELECTOR = YES;
				GCC_WARN_UNINITIALIZED_AUTOS = YES_AGGRESSIVE;
				GCC_WARN_UNUSED_FUNCTION = YES;
				GCC_WARN_UNUSED_VARIABLE = YES;
				IPHONEOS_DEPLOYMENT_TARGET = 15.2;
				MTL_ENABLE_DEBUG_INFO = INCLUDE_SOURCE;
				MTL_FAST_MATH = YES;
				ONLY_ACTIVE_ARCH = YES;
				PRODUCT_BUNDLE_IDENTIFIER = ghada.Polaris;
				SDKROOT = iphoneos;
				SWIFT_ACTIVE_COMPILATION_CONDITIONS = DEBUG;
				SWIFT_OPTIMIZATION_LEVEL = "-Onone";
			};
			name = Debug;
		};
		674B713E285A134A006AE2C5 /* Release */ = {
			isa = XCBuildConfiguration;
			buildSettings = {
				ALWAYS_SEARCH_USER_PATHS = NO;
				CLANG_ANALYZER_NONNULL = YES;
				CLANG_ANALYZER_NUMBER_OBJECT_CONVERSION = YES_AGGRESSIVE;
				CLANG_CXX_LANGUAGE_STANDARD = "gnu++17";
				CLANG_CXX_LIBRARY = "libc++";
				CLANG_ENABLE_MODULES = YES;
				CLANG_ENABLE_OBJC_ARC = YES;
				CLANG_ENABLE_OBJC_WEAK = YES;
				CLANG_WARN_BLOCK_CAPTURE_AUTORELEASING = YES;
				CLANG_WARN_BOOL_CONVERSION = YES;
				CLANG_WARN_COMMA = YES;
				CLANG_WARN_CONSTANT_CONVERSION = YES;
				CLANG_WARN_DEPRECATED_OBJC_IMPLEMENTATIONS = YES;
				CLANG_WARN_DIRECT_OBJC_ISA_USAGE = YES_ERROR;
				CLANG_WARN_DOCUMENTATION_COMMENTS = YES;
				CLANG_WARN_EMPTY_BODY = YES;
				CLANG_WARN_ENUM_CONVERSION = YES;
				CLANG_WARN_INFINITE_RECURSION = YES;
				CLANG_WARN_INT_CONVERSION = YES;
				CLANG_WARN_NON_LITERAL_NULL_CONVERSION = YES;
				CLANG_WARN_OBJC_IMPLICIT_RETAIN_SELF = YES;
				CLANG_WARN_OBJC_LITERAL_CONVERSION = YES;
				CLANG_WARN_OBJC_ROOT_CLASS = YES_ERROR;
				CLANG_WARN_QUOTED_INCLUDE_IN_FRAMEWORK_HEADER = YES;
				CLANG_WARN_RANGE_LOOP_ANALYSIS = YES;
				CLANG_WARN_STRICT_PROTOTYPES = YES;
				CLANG_WARN_SUSPICIOUS_MOVE = YES;
				CLANG_WARN_UNGUARDED_AVAILABILITY = YES_AGGRESSIVE;
				CLANG_WARN_UNREACHABLE_CODE = YES;
				CLANG_WARN__DUPLICATE_METHOD_MATCH = YES;
				COPY_PHASE_STRIP = NO;
				DEBUG_INFORMATION_FORMAT = "dwarf-with-dsym";
				ENABLE_NS_ASSERTIONS = NO;
				ENABLE_STRICT_OBJC_MSGSEND = YES;
				GCC_C_LANGUAGE_STANDARD = gnu11;
				GCC_NO_COMMON_BLOCKS = YES;
				GCC_WARN_64_TO_32_BIT_CONVERSION = YES;
				GCC_WARN_ABOUT_RETURN_TYPE = YES_ERROR;
				GCC_WARN_UNDECLARED_SELECTOR = YES;
				GCC_WARN_UNINITIALIZED_AUTOS = YES_AGGRESSIVE;
				GCC_WARN_UNUSED_FUNCTION = YES;
				GCC_WARN_UNUSED_VARIABLE = YES;
				IPHONEOS_DEPLOYMENT_TARGET = 15.2;
				MTL_ENABLE_DEBUG_INFO = NO;
				MTL_FAST_MATH = YES;
				PRODUCT_BUNDLE_IDENTIFIER = ghada.Polaris;
				SDKROOT = iphoneos;
				SWIFT_COMPILATION_MODE = wholemodule;
				SWIFT_OPTIMIZATION_LEVEL = "-O";
				VALIDATE_PRODUCT = YES;
			};
			name = Release;
		};
		674B7140285A134A006AE2C5 /* Debug */ = {
			isa = XCBuildConfiguration;
			buildSettings = {
				ASSETCATALOG_COMPILER_APPICON_NAME = AppIcon;
				ASSETCATALOG_COMPILER_GLOBAL_ACCENT_COLOR_NAME = AccentColor;
				CODE_SIGN_STYLE = Automatic;
				CURRENT_PROJECT_VERSION = 1;
				DEVELOPMENT_ASSET_PATHS = "\"etmam/Preview Content\"";
				DEVELOPMENT_TEAM = 96VBYHATXS;
				ENABLE_PREVIEWS = YES;
				EXCLUDED_ARCHS = "";
				GENERATE_INFOPLIST_FILE = YES;
				INFOPLIST_KEY_UIApplicationSceneManifest_Generation = YES;
				INFOPLIST_KEY_UIApplicationSupportsIndirectInputEvents = YES;
				INFOPLIST_KEY_UILaunchScreen_Generation = YES;
				INFOPLIST_KEY_UISupportedInterfaceOrientations_iPad = "UIInterfaceOrientationPortrait UIInterfaceOrientationPortraitUpsideDown UIInterfaceOrientationLandscapeLeft UIInterfaceOrientationLandscapeRight";
				INFOPLIST_KEY_UISupportedInterfaceOrientations_iPhone = "UIInterfaceOrientationPortrait UIInterfaceOrientationLandscapeLeft UIInterfaceOrientationLandscapeRight";
				IPHONEOS_DEPLOYMENT_TARGET = 15.0;
				LD_RUNPATH_SEARCH_PATHS = (
					"$(inherited)",
					"@executable_path/Frameworks",
				);
				MARKETING_VERSION = 1.0;
				PRODUCT_BUNDLE_IDENTIFIER = ghada.Polaris;
				PRODUCT_NAME = "$(TARGET_NAME)";
				SWIFT_EMIT_LOC_STRINGS = YES;
				SWIFT_VERSION = 5.0;
				TARGETED_DEVICE_FAMILY = "1,2";
			};
			name = Debug;
		};
		674B7141285A134A006AE2C5 /* Release */ = {
			isa = XCBuildConfiguration;
			buildSettings = {
				ASSETCATALOG_COMPILER_APPICON_NAME = AppIcon;
				ASSETCATALOG_COMPILER_GLOBAL_ACCENT_COLOR_NAME = AccentColor;
				CODE_SIGN_STYLE = Automatic;
				CURRENT_PROJECT_VERSION = 1;
				DEVELOPMENT_ASSET_PATHS = "\"etmam/Preview Content\"";
				DEVELOPMENT_TEAM = 96VBYHATXS;
				ENABLE_PREVIEWS = YES;
				EXCLUDED_ARCHS = "";
				GENERATE_INFOPLIST_FILE = YES;
				INFOPLIST_KEY_UIApplicationSceneManifest_Generation = YES;
				INFOPLIST_KEY_UIApplicationSupportsIndirectInputEvents = YES;
				INFOPLIST_KEY_UILaunchScreen_Generation = YES;
				INFOPLIST_KEY_UISupportedInterfaceOrientations_iPad = "UIInterfaceOrientationPortrait UIInterfaceOrientationPortraitUpsideDown UIInterfaceOrientationLandscapeLeft UIInterfaceOrientationLandscapeRight";
				INFOPLIST_KEY_UISupportedInterfaceOrientations_iPhone = "UIInterfaceOrientationPortrait UIInterfaceOrientationLandscapeLeft UIInterfaceOrientationLandscapeRight";
				IPHONEOS_DEPLOYMENT_TARGET = 15.0;
				LD_RUNPATH_SEARCH_PATHS = (
					"$(inherited)",
					"@executable_path/Frameworks",
				);
				MARKETING_VERSION = 1.0;
				PRODUCT_BUNDLE_IDENTIFIER = ghada.Polaris;
				PRODUCT_NAME = "$(TARGET_NAME)";
				SWIFT_EMIT_LOC_STRINGS = YES;
				SWIFT_VERSION = 5.0;
				TARGETED_DEVICE_FAMILY = "1,2";
			};
			name = Release;
		};
/* End XCBuildConfiguration section */

/* Begin XCConfigurationList section */
		674B712C285A134A006AE2C5 /* Build configuration list for PBXProject "etmam" */ = {
			isa = XCConfigurationList;
			buildConfigurations = (
				674B713D285A134A006AE2C5 /* Debug */,
				674B713E285A134A006AE2C5 /* Release */,
			);
			defaultConfigurationIsVisible = 0;
			defaultConfigurationName = Release;
		};
		674B713F285A134A006AE2C5 /* Build configuration list for PBXNativeTarget "etmam" */ = {
			isa = XCConfigurationList;
			buildConfigurations = (
				674B7140285A134A006AE2C5 /* Debug */,
				674B7141285A134A006AE2C5 /* Release */,
			);
			defaultConfigurationIsVisible = 0;
			defaultConfigurationName = Release;
		};
/* End XCConfigurationList section */

/* Begin XCRemoteSwiftPackageReference section */
		674B7142285A1974006AE2C5 /* XCRemoteSwiftPackageReference "firebase-ios-sdk" */ = {
			isa = XCRemoteSwiftPackageReference;
			repositoryURL = "https://github.com/firebase/firebase-ios-sdk";
			requirement = {
				kind = upToNextMajorVersion;
				minimumVersion = 9.0.0;
			};
		};
		674B7164285A1BA2006AE2C5 /* XCRemoteSwiftPackageReference "BetterSafariView" */ = {
			isa = XCRemoteSwiftPackageReference;
			repositoryURL = "https://github.com/stleamist/BetterSafariView";
			requirement = {
				branch = main;
				kind = branch;
			};
		};
		674B71B6285A1FCF006AE2C5 /* XCRemoteSwiftPackageReference "LocationPicker" */ = {
			isa = XCRemoteSwiftPackageReference;
			repositoryURL = "https://github.com/almassapargali/LocationPicker";
			requirement = {
				kind = upToNextMajorVersion;
				minimumVersion = 1.0.0;
			};
		};
		6758CD092867487900C34582 /* XCRemoteSwiftPackageReference "SwipebleView" */ = {
			isa = XCRemoteSwiftPackageReference;
			repositoryURL = "https://github.com/mroffmix/SwipebleView";
			requirement = {
				kind = upToNextMajorVersion;
				minimumVersion = 0.2.2;
			};
		};
/* End XCRemoteSwiftPackageReference section */

/* Begin XCSwiftPackageProductDependency section */
		674B7165285A1BA2006AE2C5 /* BetterSafariView */ = {
			isa = XCSwiftPackageProductDependency;
			package = 674B7164285A1BA2006AE2C5 /* XCRemoteSwiftPackageReference "BetterSafariView" */;
			productName = BetterSafariView;
		};
		674B7180285A1E21006AE2C5 /* FirebaseAnalytics */ = {
			isa = XCSwiftPackageProductDependency;
			package = 674B7142285A1974006AE2C5 /* XCRemoteSwiftPackageReference "firebase-ios-sdk" */;
			productName = FirebaseAnalytics;
		};
		674B7182285A1E21006AE2C5 /* FirebaseAnalyticsOnDeviceConversion */ = {
			isa = XCSwiftPackageProductDependency;
			package = 674B7142285A1974006AE2C5 /* XCRemoteSwiftPackageReference "firebase-ios-sdk" */;
			productName = FirebaseAnalyticsOnDeviceConversion;
		};
		674B7184285A1E21006AE2C5 /* FirebaseAnalyticsSwift */ = {
			isa = XCSwiftPackageProductDependency;
			package = 674B7142285A1974006AE2C5 /* XCRemoteSwiftPackageReference "firebase-ios-sdk" */;
			productName = FirebaseAnalyticsSwift;
		};
		674B7186285A1E21006AE2C5 /* FirebaseAnalyticsWithoutAdIdSupport */ = {
			isa = XCSwiftPackageProductDependency;
			package = 674B7142285A1974006AE2C5 /* XCRemoteSwiftPackageReference "firebase-ios-sdk" */;
			productName = FirebaseAnalyticsWithoutAdIdSupport;
		};
		674B7188285A1E21006AE2C5 /* FirebaseAppCheck */ = {
			isa = XCSwiftPackageProductDependency;
			package = 674B7142285A1974006AE2C5 /* XCRemoteSwiftPackageReference "firebase-ios-sdk" */;
			productName = FirebaseAppCheck;
		};
		674B718A285A1E22006AE2C5 /* FirebaseAppDistribution-Beta */ = {
			isa = XCSwiftPackageProductDependency;
			package = 674B7142285A1974006AE2C5 /* XCRemoteSwiftPackageReference "firebase-ios-sdk" */;
			productName = "FirebaseAppDistribution-Beta";
		};
		674B718C285A1E22006AE2C5 /* FirebaseAuth */ = {
			isa = XCSwiftPackageProductDependency;
			package = 674B7142285A1974006AE2C5 /* XCRemoteSwiftPackageReference "firebase-ios-sdk" */;
			productName = FirebaseAuth;
		};
		674B718E285A1E22006AE2C5 /* FirebaseAuthCombine-Community */ = {
			isa = XCSwiftPackageProductDependency;
			package = 674B7142285A1974006AE2C5 /* XCRemoteSwiftPackageReference "firebase-ios-sdk" */;
			productName = "FirebaseAuthCombine-Community";
		};
		674B7190285A1E22006AE2C5 /* FirebaseCrashlytics */ = {
			isa = XCSwiftPackageProductDependency;
			package = 674B7142285A1974006AE2C5 /* XCRemoteSwiftPackageReference "firebase-ios-sdk" */;
			productName = FirebaseCrashlytics;
		};
		674B7192285A1E22006AE2C5 /* FirebaseDatabase */ = {
			isa = XCSwiftPackageProductDependency;
			package = 674B7142285A1974006AE2C5 /* XCRemoteSwiftPackageReference "firebase-ios-sdk" */;
			productName = FirebaseDatabase;
		};
		674B7194285A1E22006AE2C5 /* FirebaseDatabaseSwift */ = {
			isa = XCSwiftPackageProductDependency;
			package = 674B7142285A1974006AE2C5 /* XCRemoteSwiftPackageReference "firebase-ios-sdk" */;
			productName = FirebaseDatabaseSwift;
		};
		674B7196285A1E22006AE2C5 /* FirebaseDynamicLinks */ = {
			isa = XCSwiftPackageProductDependency;
			package = 674B7142285A1974006AE2C5 /* XCRemoteSwiftPackageReference "firebase-ios-sdk" */;
			productName = FirebaseDynamicLinks;
		};
		674B7198285A1E22006AE2C5 /* FirebaseFirestore */ = {
			isa = XCSwiftPackageProductDependency;
			package = 674B7142285A1974006AE2C5 /* XCRemoteSwiftPackageReference "firebase-ios-sdk" */;
			productName = FirebaseFirestore;
		};
		674B719A285A1E22006AE2C5 /* FirebaseFirestoreCombine-Community */ = {
			isa = XCSwiftPackageProductDependency;
			package = 674B7142285A1974006AE2C5 /* XCRemoteSwiftPackageReference "firebase-ios-sdk" */;
			productName = "FirebaseFirestoreCombine-Community";
		};
		674B719C285A1E22006AE2C5 /* FirebaseFirestoreSwift */ = {
			isa = XCSwiftPackageProductDependency;
			package = 674B7142285A1974006AE2C5 /* XCRemoteSwiftPackageReference "firebase-ios-sdk" */;
			productName = FirebaseFirestoreSwift;
		};
		674B719E285A1E22006AE2C5 /* FirebaseFunctions */ = {
			isa = XCSwiftPackageProductDependency;
			package = 674B7142285A1974006AE2C5 /* XCRemoteSwiftPackageReference "firebase-ios-sdk" */;
			productName = FirebaseFunctions;
		};
		674B71A0285A1E23006AE2C5 /* FirebaseFunctionsCombine-Community */ = {
			isa = XCSwiftPackageProductDependency;
			package = 674B7142285A1974006AE2C5 /* XCRemoteSwiftPackageReference "firebase-ios-sdk" */;
			productName = "FirebaseFunctionsCombine-Community";
		};
		674B71A2285A1E23006AE2C5 /* FirebaseInAppMessaging-Beta */ = {
			isa = XCSwiftPackageProductDependency;
			package = 674B7142285A1974006AE2C5 /* XCRemoteSwiftPackageReference "firebase-ios-sdk" */;
			productName = "FirebaseInAppMessaging-Beta";
		};
		674B71A4285A1E23006AE2C5 /* FirebaseInAppMessagingSwift-Beta */ = {
			isa = XCSwiftPackageProductDependency;
			package = 674B7142285A1974006AE2C5 /* XCRemoteSwiftPackageReference "firebase-ios-sdk" */;
			productName = "FirebaseInAppMessagingSwift-Beta";
		};
		674B71A6285A1E23006AE2C5 /* FirebaseInstallations */ = {
			isa = XCSwiftPackageProductDependency;
			package = 674B7142285A1974006AE2C5 /* XCRemoteSwiftPackageReference "firebase-ios-sdk" */;
			productName = FirebaseInstallations;
		};
		674B71A8285A1E23006AE2C5 /* FirebaseMessaging */ = {
			isa = XCSwiftPackageProductDependency;
			package = 674B7142285A1974006AE2C5 /* XCRemoteSwiftPackageReference "firebase-ios-sdk" */;
			productName = FirebaseMessaging;
		};
		674B71AA285A1E23006AE2C5 /* FirebaseMLModelDownloader */ = {
			isa = XCSwiftPackageProductDependency;
			package = 674B7142285A1974006AE2C5 /* XCRemoteSwiftPackageReference "firebase-ios-sdk" */;
			productName = FirebaseMLModelDownloader;
		};
		674B71AC285A1E24006AE2C5 /* FirebasePerformance */ = {
			isa = XCSwiftPackageProductDependency;
			package = 674B7142285A1974006AE2C5 /* XCRemoteSwiftPackageReference "firebase-ios-sdk" */;
			productName = FirebasePerformance;
		};
		674B71AE285A1E24006AE2C5 /* FirebaseRemoteConfig */ = {
			isa = XCSwiftPackageProductDependency;
			package = 674B7142285A1974006AE2C5 /* XCRemoteSwiftPackageReference "firebase-ios-sdk" */;
			productName = FirebaseRemoteConfig;
		};
		674B71B0285A1E24006AE2C5 /* FirebaseRemoteConfigSwift */ = {
			isa = XCSwiftPackageProductDependency;
			package = 674B7142285A1974006AE2C5 /* XCRemoteSwiftPackageReference "firebase-ios-sdk" */;
			productName = FirebaseRemoteConfigSwift;
		};
		674B71B2285A1E24006AE2C5 /* FirebaseStorage */ = {
			isa = XCSwiftPackageProductDependency;
			package = 674B7142285A1974006AE2C5 /* XCRemoteSwiftPackageReference "firebase-ios-sdk" */;
			productName = FirebaseStorage;
		};
		674B71B4285A1E24006AE2C5 /* FirebaseStorageCombine-Community */ = {
			isa = XCSwiftPackageProductDependency;
			package = 674B7142285A1974006AE2C5 /* XCRemoteSwiftPackageReference "firebase-ios-sdk" */;
			productName = "FirebaseStorageCombine-Community";
		};
		674B71B7285A1FCF006AE2C5 /* LocationPicker */ = {
			isa = XCSwiftPackageProductDependency;
			package = 674B71B6285A1FCF006AE2C5 /* XCRemoteSwiftPackageReference "LocationPicker" */;
			productName = LocationPicker;
		};
		6758CD0A2867487900C34582 /* SwipeableView */ = {
			isa = XCSwiftPackageProductDependency;
			package = 6758CD092867487900C34582 /* XCRemoteSwiftPackageReference "SwipebleView" */;
			productName = SwipeableView;
		};
/* End XCSwiftPackageProductDependency section */
	};
	rootObject = 674B7129285A134A006AE2C5 /* Project object */;
}
