// !$*UTF8*$!
{
	archiveVersion = 1;
	classes = {
	};
	objectVersion = 55;
	objects = {

/* Begin PBXBuildFile section */
		67126302285B55DB0097D772 /* GoogleService-Info.plist in Resources */ = {isa = PBXBuildFile; fileRef = 67126301285B55DB0097D772 /* GoogleService-Info.plist */; };
		671263062860B6590097D772 /* SwiftUIView.swift in Sources */ = {isa = PBXBuildFile; fileRef = 671263052860B6590097D772 /* SwiftUIView.swift */; };
		6712630C2861F3D00097D772 /* MessageDocument.swift in Sources */ = {isa = PBXBuildFile; fileRef = 6712630A2861F3D00097D772 /* MessageDocument.swift */; };
		671263102861F4950097D772 /* SignUpFormVM.swift in Sources */ = {isa = PBXBuildFile; fileRef = 6712630E2861F4950097D772 /* SignUpFormVM.swift */; };
		671263112861F4950097D772 /* SignInFormVM.swift in Sources */ = {isa = PBXBuildFile; fileRef = 6712630F2861F4950097D772 /* SignInFormVM.swift */; };
		6712631A2861F5BD0097D772 /* LocationPickerView.swift in Sources */ = {isa = PBXBuildFile; fileRef = 671263152861F5BD0097D772 /* LocationPickerView.swift */; };
		6712631B2861F5BD0097D772 /* ResetPasswordView.swift in Sources */ = {isa = PBXBuildFile; fileRef = 671263162861F5BD0097D772 /* ResetPasswordView.swift */; };
		6712631C2861F5BD0097D772 /* MapView.swift in Sources */ = {isa = PBXBuildFile; fileRef = 671263172861F5BD0097D772 /* MapView.swift */; };
		6712631D2861F5BD0097D772 /* SignInView.swift in Sources */ = {isa = PBXBuildFile; fileRef = 671263182861F5BD0097D772 /* SignInView.swift */; };
		6712631E2861F5BD0097D772 /* SignUpView.swift in Sources */ = {isa = PBXBuildFile; fileRef = 671263192861F5BD0097D772 /* SignUpView.swift */; };
		672AC52A28841CE4005A21E1 /* FirebaseAuth in Frameworks */ = {isa = PBXBuildFile; productRef = 672AC52928841CE4005A21E1 /* FirebaseAuth */; };
		672AC52C28841CE4005A21E1 /* FirebaseDatabase in Frameworks */ = {isa = PBXBuildFile; productRef = 672AC52B28841CE4005A21E1 /* FirebaseDatabase */; };
		672AC52E28841CE4005A21E1 /* FirebaseDatabaseSwift in Frameworks */ = {isa = PBXBuildFile; productRef = 672AC52D28841CE4005A21E1 /* FirebaseDatabaseSwift */; };
		672AC53028841CE4005A21E1 /* FirebaseFirestore in Frameworks */ = {isa = PBXBuildFile; productRef = 672AC52F28841CE4005A21E1 /* FirebaseFirestore */; };
		672AC53228841CE4005A21E1 /* FirebaseFirestoreSwift in Frameworks */ = {isa = PBXBuildFile; productRef = 672AC53128841CE4005A21E1 /* FirebaseFirestoreSwift */; };
		672AC53428841CE4005A21E1 /* FirebaseFunctions in Frameworks */ = {isa = PBXBuildFile; productRef = 672AC53328841CE4005A21E1 /* FirebaseFunctions */; };
		672AC53628841CE4005A21E1 /* FirebaseStorage in Frameworks */ = {isa = PBXBuildFile; productRef = 672AC53528841CE4005A21E1 /* FirebaseStorage */; };
		674B7135285A134A006AE2C5 /* etmamApp.swift in Sources */ = {isa = PBXBuildFile; fileRef = 674B7134285A134A006AE2C5 /* etmamApp.swift */; };
		674B7137285A134A006AE2C5 /* ContentView.swift in Sources */ = {isa = PBXBuildFile; fileRef = 674B7136285A134A006AE2C5 /* ContentView.swift */; };
		674B713C285A134A006AE2C5 /* Preview Assets.xcassets in Resources */ = {isa = PBXBuildFile; fileRef = 674B713B285A134A006AE2C5 /* Preview Assets.xcassets */; };
		674B7166285A1BA2006AE2C5 /* BetterSafariView in Frameworks */ = {isa = PBXBuildFile; productRef = 674B7165285A1BA2006AE2C5 /* BetterSafariView */; };
		674B7169285A1C1C006AE2C5 /* StoreKit.framework in Frameworks */ = {isa = PBXBuildFile; fileRef = 674B7168285A1C1C006AE2C5 /* StoreKit.framework */; };
		674B7176285A1CA9006AE2C5 /* meetingDatabaseVM.swift in Sources */ = {isa = PBXBuildFile; fileRef = 674B716B285A1CA9006AE2C5 /* meetingDatabaseVM.swift */; };
		674B7177285A1CA9006AE2C5 /* orgDatabaseVM.swift in Sources */ = {isa = PBXBuildFile; fileRef = 674B716C285A1CA9006AE2C5 /* orgDatabaseVM.swift */; };
		674B7178285A1CA9006AE2C5 /* Meeting.swift in Sources */ = {isa = PBXBuildFile; fileRef = 674B716E285A1CA9006AE2C5 /* Meeting.swift */; };
		674B7179285A1CA9006AE2C5 /* Organization.swift in Sources */ = {isa = PBXBuildFile; fileRef = 674B716F285A1CA9006AE2C5 /* Organization.swift */; };
		674B717A285A1CA9006AE2C5 /* User.swift in Sources */ = {isa = PBXBuildFile; fileRef = 674B7170285A1CA9006AE2C5 /* User.swift */; };
		674B717B285A1CA9006AE2C5 /* Project.swift in Sources */ = {isa = PBXBuildFile; fileRef = 674B7171285A1CA9006AE2C5 /* Project.swift */; };
		674B717C285A1CA9006AE2C5 /* Task.swift in Sources */ = {isa = PBXBuildFile; fileRef = 674B7172285A1CA9006AE2C5 /* Task.swift */; };
		674B717D285A1CA9006AE2C5 /* projectDatabaseVM.swift in Sources */ = {isa = PBXBuildFile; fileRef = 674B7173285A1CA9006AE2C5 /* projectDatabaseVM.swift */; };
		674B717E285A1CA9006AE2C5 /* taskDatabaseVM.swift in Sources */ = {isa = PBXBuildFile; fileRef = 674B7174285A1CA9006AE2C5 /* taskDatabaseVM.swift */; };
		674B717F285A1CA9006AE2C5 /* userDatabaseVM.swift in Sources */ = {isa = PBXBuildFile; fileRef = 674B7175285A1CA9006AE2C5 /* userDatabaseVM.swift */; };
		674B71B8285A1FCF006AE2C5 /* LocationPicker in Frameworks */ = {isa = PBXBuildFile; productRef = 674B71B7285A1FCF006AE2C5 /* LocationPicker */; };
		674B71BA285A1FDE006AE2C5 /* Configuration.storekit in Resources */ = {isa = PBXBuildFile; fileRef = 674B71B9285A1FDE006AE2C5 /* Configuration.storekit */; };
		674B71BC285A1FFA006AE2C5 /* StoreKitManager.swift in Sources */ = {isa = PBXBuildFile; fileRef = 674B71BB285A1FFA006AE2C5 /* StoreKitManager.swift */; };
		674B71C1285A2142006AE2C5 /* emailNotifications.swift in Sources */ = {isa = PBXBuildFile; fileRef = 674B71C0285A2142006AE2C5 /* emailNotifications.swift */; };
		674B71C3285A218A006AE2C5 /* Subscriptions.swift in Sources */ = {isa = PBXBuildFile; fileRef = 674B71C2285A218A006AE2C5 /* Subscriptions.swift */; };
		674B71C8285A24C4006AE2C5 /* TasksProjectView.swift in Sources */ = {isa = PBXBuildFile; fileRef = 674B71C6285A24C4006AE2C5 /* TasksProjectView.swift */; };
		674B71C9285A24C4006AE2C5 /* ProjectView.swift in Sources */ = {isa = PBXBuildFile; fileRef = 674B71C7285A24C4006AE2C5 /* ProjectView.swift */; };
		6752769528834DD800048098 /* Onboarding.swift in Sources */ = {isa = PBXBuildFile; fileRef = 6752769428834DD800048098 /* Onboarding.swift */; };
		6752769828834E4E00048098 /* WelcomeSheet in Frameworks */ = {isa = PBXBuildFile; productRef = 6752769728834E4E00048098 /* WelcomeSheet */; };
		6758CCFF28659D8700C34582 /* CheckInView.swift in Sources */ = {isa = PBXBuildFile; fileRef = 6758CCFD28659D8700C34582 /* CheckInView.swift */; };
		6758CD0B2867487900C34582 /* SwipeableView in Frameworks */ = {isa = PBXBuildFile; productRef = 6758CD0A2867487900C34582 /* SwipeableView */; };
		67CB64F6288C4E5900F1A5D0 /* ProjectFileViewNewProject.swift in Sources */ = {isa = PBXBuildFile; fileRef = 67CB64F5288C4E5900F1A5D0 /* ProjectFileViewNewProject.swift */; };
		67CD0471287AE11600CB649E /* OtherUsersProfile.swift in Sources */ = {isa = PBXBuildFile; fileRef = 67CD046F287AE11600CB649E /* OtherUsersProfile.swift */; };
		67CD0472287AE11600CB649E /* UserProfile.swift in Sources */ = {isa = PBXBuildFile; fileRef = 67CD0470287AE11600CB649E /* UserProfile.swift */; };
		67CD0474287AE1DE00CB649E /* SwipeableView.swift in Sources */ = {isa = PBXBuildFile; fileRef = 67CD0473287AE1DE00CB649E /* SwipeableView.swift */; };
		67CD0478287AE2FA00CB649E /* SplashViewForSignIn.swift in Sources */ = {isa = PBXBuildFile; fileRef = 67CD0475287AE2FA00CB649E /* SplashViewForSignIn.swift */; };
		67CD0479287AE2FA00CB649E /* logoView.swift in Sources */ = {isa = PBXBuildFile; fileRef = 67CD0476287AE2FA00CB649E /* logoView.swift */; };
		67CD047A287AE2FA00CB649E /* SplashView.swift in Sources */ = {isa = PBXBuildFile; fileRef = 67CD0477287AE2FA00CB649E /* SplashView.swift */; };
		67CD047C287AE65300CB649E /* profile.swift in Sources */ = {isa = PBXBuildFile; fileRef = 67CD047B287AE65300CB649E /* profile.swift */; };
		67CD047E287AE86900CB649E /* Assets.xcassets in Resources */ = {isa = PBXBuildFile; fileRef = 67CD047D287AE86900CB649E /* Assets.xcassets */; };
		67E15459286C786D006A257C /* TabBar.swift in Sources */ = {isa = PBXBuildFile; fileRef = 67E15458286C786D006A257C /* TabBar.swift */; };
		67E1545B286C7882006A257C /* OrgUsers_Projects.swift in Sources */ = {isa = PBXBuildFile; fileRef = 67E1545A286C7882006A257C /* OrgUsers_Projects.swift */; };
		67E15478286C7894006A257C /* MakeTaskCell.swift in Sources */ = {isa = PBXBuildFile; fileRef = 67E1545F286C7894006A257C /* MakeTaskCell.swift */; };
		67E15479286C7894006A257C /* AddTask.swift in Sources */ = {isa = PBXBuildFile; fileRef = 67E15460286C7894006A257C /* AddTask.swift */; };
		67E1547A286C7894006A257C /* TaskCard.swift in Sources */ = {isa = PBXBuildFile; fileRef = 67E15461286C7894006A257C /* TaskCard.swift */; };
		67E1547B286C7894006A257C /* calendarTab.swift in Sources */ = {isa = PBXBuildFile; fileRef = 67E15462286C7894006A257C /* calendarTab.swift */; };
		67E1547C286C7894006A257C /* MeetingCard.swift in Sources */ = {isa = PBXBuildFile; fileRef = 67E15464286C7894006A257C /* MeetingCard.swift */; };
		67E1547D286C7894006A257C /* MakeMeetingCell2.swift in Sources */ = {isa = PBXBuildFile; fileRef = 67E15465286C7894006A257C /* MakeMeetingCell2.swift */; };
		67E1547E286C7894006A257C /* MakeMeetingCell.swift in Sources */ = {isa = PBXBuildFile; fileRef = 67E15466286C7894006A257C /* MakeMeetingCell.swift */; };
		67E1547F286C7894006A257C /* AddMeeting.swift in Sources */ = {isa = PBXBuildFile; fileRef = 67E15467286C7894006A257C /* AddMeeting.swift */; };
		67E15480286C7894006A257C /* ProjectsTasks.swift in Sources */ = {isa = PBXBuildFile; fileRef = 67E15469286C7894006A257C /* ProjectsTasks.swift */; };
		67E15481286C7894006A257C /* projectsTab.swift in Sources */ = {isa = PBXBuildFile; fileRef = 67E1546A286C7894006A257C /* projectsTab.swift */; };
		67E15482286C7894006A257C /* ProjectCard.swift in Sources */ = {isa = PBXBuildFile; fileRef = 67E1546B286C7894006A257C /* ProjectCard.swift */; };
		67E15483286C7894006A257C /* CreateProject.swift in Sources */ = {isa = PBXBuildFile; fileRef = 67E1546C286C7894006A257C /* CreateProject.swift */; };
		67E15484286C7894006A257C /* manageMembers.swift in Sources */ = {isa = PBXBuildFile; fileRef = 67E1546E286C7894006A257C /* manageMembers.swift */; };
		67E15485286C7894006A257C /* ImportSheetApp.swift in Sources */ = {isa = PBXBuildFile; fileRef = 67E1546F286C7894006A257C /* ImportSheetApp.swift */; };
		67E15486286C7894006A257C /* CSVDocument.swift in Sources */ = {isa = PBXBuildFile; fileRef = 67E15470286C7894006A257C /* CSVDocument.swift */; };
		67E15487286C7894006A257C /* Today.swift in Sources */ = {isa = PBXBuildFile; fileRef = 67E15471286C7894006A257C /* Today.swift */; };
		67E15488286C7894006A257C /* InitialsPicture.swift in Sources */ = {isa = PBXBuildFile; fileRef = 67E15473286C7894006A257C /* InitialsPicture.swift */; };
		67E15489286C7894006A257C /* TextView.swift in Sources */ = {isa = PBXBuildFile; fileRef = 67E15474286C7894006A257C /* TextView.swift */; };
		67E1548A286C7894006A257C /* notificationTab.swift in Sources */ = {isa = PBXBuildFile; fileRef = 67E15476286C7894006A257C /* notificationTab.swift */; };
		67E1548C286C7EA6006A257C /* cardCell.swift in Sources */ = {isa = PBXBuildFile; fileRef = 67E1548B286C7EA6006A257C /* cardCell.swift */; };
		67E1548E286C7FD0006A257C /* ProjectFilesView.swift in Sources */ = {isa = PBXBuildFile; fileRef = 67E1548D286C7FD0006A257C /* ProjectFilesView.swift */; };
		67E15490286C8142006A257C /* PDFFileView.swift in Sources */ = {isa = PBXBuildFile; fileRef = 67E1548F286C8142006A257C /* PDFFileView.swift */; };
		67E15492286C8BA9006A257C /* AuthView.swift in Sources */ = {isa = PBXBuildFile; fileRef = 67E15491286C8BA9006A257C /* AuthView.swift */; };
		67E15494286C8F70006A257C /* UserAuthVM.swift in Sources */ = {isa = PBXBuildFile; fileRef = 67E15493286C8F70006A257C /* UserAuthVM.swift */; };
		67E1549B286DE81C006A257C /* Localizable.strings in Resources */ = {isa = PBXBuildFile; fileRef = 67E1549D286DE81C006A257C /* Localizable.strings */; };
		67F98657287DEEA200D22FF3 /* OtherUsersProfile2.swift in Sources */ = {isa = PBXBuildFile; fileRef = 67F98656287DEEA200D22FF3 /* OtherUsersProfile2.swift */; };
		67F98659287E1B3C00D22FF3 /* personalTasks.swift in Sources */ = {isa = PBXBuildFile; fileRef = 67F98658287E1B3C00D22FF3 /* personalTasks.swift */; };
/* End PBXBuildFile section */

/* Begin PBXFileReference section */
		67126301285B55DB0097D772 /* GoogleService-Info.plist */ = {isa = PBXFileReference; fileEncoding = 4; lastKnownFileType = text.plist.xml; name = "GoogleService-Info.plist"; path = "../testFirebase/testFirebase/GoogleService-Info.plist"; sourceTree = SOURCE_ROOT; };
		671263052860B6590097D772 /* SwiftUIView.swift */ = {isa = PBXFileReference; lastKnownFileType = sourcecode.swift; name = SwiftUIView.swift; path = etmam/SwiftUIView.swift; sourceTree = SOURCE_ROOT; };
		6712630A2861F3D00097D772 /* MessageDocument.swift */ = {isa = PBXFileReference; fileEncoding = 4; lastKnownFileType = sourcecode.swift; name = MessageDocument.swift; path = etmam/MessageDocument.swift; sourceTree = SOURCE_ROOT; };
		6712630E2861F4950097D772 /* SignUpFormVM.swift */ = {isa = PBXFileReference; fileEncoding = 4; lastKnownFileType = sourcecode.swift; name = SignUpFormVM.swift; path = etmam/FormValidators/SignUpFormVM.swift; sourceTree = SOURCE_ROOT; };
		6712630F2861F4950097D772 /* SignInFormVM.swift */ = {isa = PBXFileReference; fileEncoding = 4; lastKnownFileType = sourcecode.swift; name = SignInFormVM.swift; path = etmam/FormValidators/SignInFormVM.swift; sourceTree = SOURCE_ROOT; };
		671263152861F5BD0097D772 /* LocationPickerView.swift */ = {isa = PBXFileReference; fileEncoding = 4; lastKnownFileType = sourcecode.swift; name = LocationPickerView.swift; path = etmam/AuthViews/LocationPickerView.swift; sourceTree = SOURCE_ROOT; };
		671263162861F5BD0097D772 /* ResetPasswordView.swift */ = {isa = PBXFileReference; fileEncoding = 4; lastKnownFileType = sourcecode.swift; name = ResetPasswordView.swift; path = etmam/AuthViews/ResetPasswordView.swift; sourceTree = SOURCE_ROOT; };
		671263172861F5BD0097D772 /* MapView.swift */ = {isa = PBXFileReference; fileEncoding = 4; lastKnownFileType = sourcecode.swift; name = MapView.swift; path = etmam/AuthViews/MapView.swift; sourceTree = SOURCE_ROOT; };
		671263182861F5BD0097D772 /* SignInView.swift */ = {isa = PBXFileReference; fileEncoding = 4; lastKnownFileType = sourcecode.swift; name = SignInView.swift; path = etmam/AuthViews/SignInView.swift; sourceTree = SOURCE_ROOT; };
		671263192861F5BD0097D772 /* SignUpView.swift */ = {isa = PBXFileReference; fileEncoding = 4; lastKnownFileType = sourcecode.swift; name = SignUpView.swift; path = etmam/AuthViews/SignUpView.swift; sourceTree = SOURCE_ROOT; };
		674B7131285A134A006AE2C5 /* Workaday.app */ = {isa = PBXFileReference; explicitFileType = wrapper.application; includeInIndex = 0; path = Workaday.app; sourceTree = BUILT_PRODUCTS_DIR; };
		674B7134285A134A006AE2C5 /* etmamApp.swift */ = {isa = PBXFileReference; lastKnownFileType = sourcecode.swift; name = etmamApp.swift; path = etmam/etmamApp.swift; sourceTree = SOURCE_ROOT; };
		674B7136285A134A006AE2C5 /* ContentView.swift */ = {isa = PBXFileReference; lastKnownFileType = sourcecode.swift; name = ContentView.swift; path = etmam/ContentView.swift; sourceTree = SOURCE_ROOT; };
		674B713B285A134A006AE2C5 /* Preview Assets.xcassets */ = {isa = PBXFileReference; lastKnownFileType = folder.assetcatalog; name = "Preview Assets.xcassets"; path = "etmam/Preview Content/Preview Assets.xcassets"; sourceTree = SOURCE_ROOT; };
		674B7168285A1C1C006AE2C5 /* StoreKit.framework */ = {isa = PBXFileReference; lastKnownFileType = wrapper.framework; name = StoreKit.framework; path = System/Library/Frameworks/StoreKit.framework; sourceTree = SDKROOT; };
		674B716B285A1CA9006AE2C5 /* meetingDatabaseVM.swift */ = {isa = PBXFileReference; fileEncoding = 4; lastKnownFileType = sourcecode.swift; name = meetingDatabaseVM.swift; path = ../testFirebase/testFirebase/DB_VM/meetingDatabaseVM.swift; sourceTree = SOURCE_ROOT; };
		674B716C285A1CA9006AE2C5 /* orgDatabaseVM.swift */ = {isa = PBXFileReference; fileEncoding = 4; lastKnownFileType = sourcecode.swift; name = orgDatabaseVM.swift; path = ../testFirebase/testFirebase/DB_VM/orgDatabaseVM.swift; sourceTree = SOURCE_ROOT; };
		674B716E285A1CA9006AE2C5 /* Meeting.swift */ = {isa = PBXFileReference; fileEncoding = 4; lastKnownFileType = sourcecode.swift; name = Meeting.swift; path = ../testFirebase/testFirebase/DB_VM/Models/Meeting.swift; sourceTree = SOURCE_ROOT; };
		674B716F285A1CA9006AE2C5 /* Organization.swift */ = {isa = PBXFileReference; fileEncoding = 4; lastKnownFileType = sourcecode.swift; name = Organization.swift; path = ../testFirebase/testFirebase/DB_VM/Models/Organization.swift; sourceTree = SOURCE_ROOT; };
		674B7170285A1CA9006AE2C5 /* User.swift */ = {isa = PBXFileReference; fileEncoding = 4; lastKnownFileType = sourcecode.swift; name = User.swift; path = ../testFirebase/testFirebase/DB_VM/Models/User.swift; sourceTree = SOURCE_ROOT; };
		674B7171285A1CA9006AE2C5 /* Project.swift */ = {isa = PBXFileReference; fileEncoding = 4; lastKnownFileType = sourcecode.swift; name = Project.swift; path = ../testFirebase/testFirebase/DB_VM/Models/Project.swift; sourceTree = SOURCE_ROOT; };
		674B7172285A1CA9006AE2C5 /* Task.swift */ = {isa = PBXFileReference; fileEncoding = 4; lastKnownFileType = sourcecode.swift; name = Task.swift; path = ../testFirebase/testFirebase/DB_VM/Models/Task.swift; sourceTree = SOURCE_ROOT; };
		674B7173285A1CA9006AE2C5 /* projectDatabaseVM.swift */ = {isa = PBXFileReference; fileEncoding = 4; lastKnownFileType = sourcecode.swift; name = projectDatabaseVM.swift; path = ../testFirebase/testFirebase/DB_VM/projectDatabaseVM.swift; sourceTree = SOURCE_ROOT; };
		674B7174285A1CA9006AE2C5 /* taskDatabaseVM.swift */ = {isa = PBXFileReference; fileEncoding = 4; lastKnownFileType = sourcecode.swift; name = taskDatabaseVM.swift; path = ../testFirebase/testFirebase/DB_VM/taskDatabaseVM.swift; sourceTree = SOURCE_ROOT; };
		674B7175285A1CA9006AE2C5 /* userDatabaseVM.swift */ = {isa = PBXFileReference; fileEncoding = 4; lastKnownFileType = sourcecode.swift; name = userDatabaseVM.swift; path = ../testFirebase/testFirebase/DB_VM/userDatabaseVM.swift; sourceTree = SOURCE_ROOT; };
		674B71B9285A1FDE006AE2C5 /* Configuration.storekit */ = {isa = PBXFileReference; fileEncoding = 4; lastKnownFileType = text; name = Configuration.storekit; path = "etmam/Preview Content/Configuration.storekit"; sourceTree = SOURCE_ROOT; };
		674B71BB285A1FFA006AE2C5 /* StoreKitManager.swift */ = {isa = PBXFileReference; fileEncoding = 4; lastKnownFileType = sourcecode.swift; name = StoreKitManager.swift; path = etmam/StoreKit_VM/StoreKitManager.swift; sourceTree = SOURCE_ROOT; };
		674B71C0285A2142006AE2C5 /* emailNotifications.swift */ = {isa = PBXFileReference; lastKnownFileType = sourcecode.swift; name = emailNotifications.swift; path = etmam/emailNotifications.swift; sourceTree = SOURCE_ROOT; };
		674B71C2285A218A006AE2C5 /* Subscriptions.swift */ = {isa = PBXFileReference; lastKnownFileType = sourcecode.swift; name = Subscriptions.swift; path = etmam/StoreKit_VM/Subscriptions.swift; sourceTree = SOURCE_ROOT; };
		674B71C6285A24C4006AE2C5 /* TasksProjectView.swift */ = {isa = PBXFileReference; fileEncoding = 4; lastKnownFileType = sourcecode.swift; name = TasksProjectView.swift; path = etmam/Task_FrontEnd/TasksProjectView.swift; sourceTree = SOURCE_ROOT; };
		674B71C7285A24C4006AE2C5 /* ProjectView.swift */ = {isa = PBXFileReference; fileEncoding = 4; lastKnownFileType = sourcecode.swift; name = ProjectView.swift; path = etmam/ProjectTab/ProjectView.swift; sourceTree = SOURCE_ROOT; };
		6752769428834DD800048098 /* Onboarding.swift */ = {isa = PBXFileReference; lastKnownFileType = sourcecode.swift; path = Onboarding.swift; sourceTree = SOURCE_ROOT; };
		6758CCFD28659D8700C34582 /* CheckInView.swift */ = {isa = PBXFileReference; fileEncoding = 4; lastKnownFileType = sourcecode.swift; name = CheckInView.swift; path = etmam/CheckInView.swift; sourceTree = SOURCE_ROOT; };
		67CB64F5288C4E5900F1A5D0 /* ProjectFileViewNewProject.swift */ = {isa = PBXFileReference; lastKnownFileType = sourcecode.swift; path = ProjectFileViewNewProject.swift; sourceTree = "<group>"; };
		67CD046F287AE11600CB649E /* OtherUsersProfile.swift */ = {isa = PBXFileReference; fileEncoding = 4; lastKnownFileType = sourcecode.swift; name = OtherUsersProfile.swift; path = etmam/Profile/OtherUsersProfile.swift; sourceTree = SOURCE_ROOT; };
		67CD0470287AE11600CB649E /* UserProfile.swift */ = {isa = PBXFileReference; fileEncoding = 4; lastKnownFileType = sourcecode.swift; name = UserProfile.swift; path = etmam/Profile/UserProfile.swift; sourceTree = SOURCE_ROOT; };
		67CD0473287AE1DE00CB649E /* SwipeableView.swift */ = {isa = PBXFileReference; fileEncoding = 4; lastKnownFileType = sourcecode.swift; name = SwipeableView.swift; path = etmam/Task_FrontEnd/SwipeableView.swift; sourceTree = SOURCE_ROOT; };
		67CD0475287AE2FA00CB649E /* SplashViewForSignIn.swift */ = {isa = PBXFileReference; fileEncoding = 4; lastKnownFileType = sourcecode.swift; name = SplashViewForSignIn.swift; path = etmam/AuthViews/SplashViewForSignIn.swift; sourceTree = SOURCE_ROOT; };
		67CD0476287AE2FA00CB649E /* logoView.swift */ = {isa = PBXFileReference; fileEncoding = 4; lastKnownFileType = sourcecode.swift; name = logoView.swift; path = etmam/AuthViews/logoView.swift; sourceTree = SOURCE_ROOT; };
		67CD0477287AE2FA00CB649E /* SplashView.swift */ = {isa = PBXFileReference; fileEncoding = 4; lastKnownFileType = sourcecode.swift; name = SplashView.swift; path = etmam/AuthViews/SplashView.swift; sourceTree = SOURCE_ROOT; };
		67CD047B287AE65300CB649E /* profile.swift */ = {isa = PBXFileReference; lastKnownFileType = sourcecode.swift; name = profile.swift; path = etmam/profile.swift; sourceTree = SOURCE_ROOT; };
		67CD047D287AE86900CB649E /* Assets.xcassets */ = {isa = PBXFileReference; lastKnownFileType = folder.assetcatalog; name = Assets.xcassets; path = "../../../Downloads/etmam-4/etmam/Assets.xcassets"; sourceTree = SOURCE_ROOT; };
		67E15458286C786D006A257C /* TabBar.swift */ = {isa = PBXFileReference; fileEncoding = 4; lastKnownFileType = sourcecode.swift; name = TabBar.swift; path = etmam/TabBar.swift; sourceTree = SOURCE_ROOT; };
		67E1545A286C7882006A257C /* OrgUsers_Projects.swift */ = {isa = PBXFileReference; fileEncoding = 4; lastKnownFileType = sourcecode.swift; name = OrgUsers_Projects.swift; path = etmam/OrgUsers_Projects.swift; sourceTree = SOURCE_ROOT; };
		67E1545F286C7894006A257C /* MakeTaskCell.swift */ = {isa = PBXFileReference; fileEncoding = 4; lastKnownFileType = sourcecode.swift; name = MakeTaskCell.swift; path = etmam/Task_FrontEnd/MakeTaskCell.swift; sourceTree = SOURCE_ROOT; };
		67E15460286C7894006A257C /* AddTask.swift */ = {isa = PBXFileReference; fileEncoding = 4; lastKnownFileType = sourcecode.swift; name = AddTask.swift; path = etmam/Task_FrontEnd/AddTask.swift; sourceTree = SOURCE_ROOT; };
		67E15461286C7894006A257C /* TaskCard.swift */ = {isa = PBXFileReference; fileEncoding = 4; lastKnownFileType = sourcecode.swift; name = TaskCard.swift; path = etmam/Task_FrontEnd/TaskCard.swift; sourceTree = SOURCE_ROOT; };
		67E15462286C7894006A257C /* calendarTab.swift */ = {isa = PBXFileReference; fileEncoding = 4; lastKnownFileType = sourcecode.swift; name = calendarTab.swift; path = etmam/CalendarTab/calendarTab.swift; sourceTree = SOURCE_ROOT; };
		67E15464286C7894006A257C /* MeetingCard.swift */ = {isa = PBXFileReference; fileEncoding = 4; lastKnownFileType = sourcecode.swift; name = MeetingCard.swift; path = etmam/Meeting_FrontEnd/MeetingCard.swift; sourceTree = SOURCE_ROOT; };
		67E15465286C7894006A257C /* MakeMeetingCell2.swift */ = {isa = PBXFileReference; fileEncoding = 4; lastKnownFileType = sourcecode.swift; name = MakeMeetingCell2.swift; path = etmam/Meeting_FrontEnd/MakeMeetingCell2.swift; sourceTree = SOURCE_ROOT; };
		67E15466286C7894006A257C /* MakeMeetingCell.swift */ = {isa = PBXFileReference; fileEncoding = 4; lastKnownFileType = sourcecode.swift; name = MakeMeetingCell.swift; path = etmam/Meeting_FrontEnd/MakeMeetingCell.swift; sourceTree = SOURCE_ROOT; };
		67E15467286C7894006A257C /* AddMeeting.swift */ = {isa = PBXFileReference; fileEncoding = 4; lastKnownFileType = sourcecode.swift; name = AddMeeting.swift; path = etmam/Meeting_FrontEnd/AddMeeting.swift; sourceTree = SOURCE_ROOT; };
		67E15469286C7894006A257C /* ProjectsTasks.swift */ = {isa = PBXFileReference; fileEncoding = 4; lastKnownFileType = sourcecode.swift; name = ProjectsTasks.swift; path = etmam/ProjectTab/ProjectsTasks.swift; sourceTree = SOURCE_ROOT; };
		67E1546A286C7894006A257C /* projectsTab.swift */ = {isa = PBXFileReference; fileEncoding = 4; lastKnownFileType = sourcecode.swift; name = projectsTab.swift; path = etmam/ProjectTab/projectsTab.swift; sourceTree = SOURCE_ROOT; };
		67E1546B286C7894006A257C /* ProjectCard.swift */ = {isa = PBXFileReference; fileEncoding = 4; lastKnownFileType = sourcecode.swift; name = ProjectCard.swift; path = etmam/ProjectTab/ProjectCard.swift; sourceTree = SOURCE_ROOT; };
		67E1546C286C7894006A257C /* CreateProject.swift */ = {isa = PBXFileReference; fileEncoding = 4; lastKnownFileType = sourcecode.swift; name = CreateProject.swift; path = etmam/ProjectTab/CreateProject.swift; sourceTree = SOURCE_ROOT; };
		67E1546E286C7894006A257C /* manageMembers.swift */ = {isa = PBXFileReference; fileEncoding = 4; lastKnownFileType = sourcecode.swift; name = manageMembers.swift; path = etmam/TodayTab/manageMembers.swift; sourceTree = SOURCE_ROOT; };
		67E1546F286C7894006A257C /* ImportSheetApp.swift */ = {isa = PBXFileReference; fileEncoding = 4; lastKnownFileType = sourcecode.swift; name = ImportSheetApp.swift; path = etmam/TodayTab/ImportSheetApp.swift; sourceTree = SOURCE_ROOT; };
		67E15470286C7894006A257C /* CSVDocument.swift */ = {isa = PBXFileReference; fileEncoding = 4; lastKnownFileType = sourcecode.swift; name = CSVDocument.swift; path = etmam/TodayTab/CSVDocument.swift; sourceTree = SOURCE_ROOT; };
		67E15471286C7894006A257C /* Today.swift */ = {isa = PBXFileReference; fileEncoding = 4; lastKnownFileType = sourcecode.swift; name = Today.swift; path = etmam/TodayTab/Today.swift; sourceTree = SOURCE_ROOT; };
		67E15473286C7894006A257C /* InitialsPicture.swift */ = {isa = PBXFileReference; fileEncoding = 4; lastKnownFileType = sourcecode.swift; name = InitialsPicture.swift; path = etmam/Extensions/InitialsPicture.swift; sourceTree = SOURCE_ROOT; };
		67E15474286C7894006A257C /* TextView.swift */ = {isa = PBXFileReference; fileEncoding = 4; lastKnownFileType = sourcecode.swift; name = TextView.swift; path = etmam/Extensions/TextView.swift; sourceTree = SOURCE_ROOT; };
		67E15476286C7894006A257C /* notificationTab.swift */ = {isa = PBXFileReference; fileEncoding = 4; lastKnownFileType = sourcecode.swift; name = notificationTab.swift; path = etmam/NotificationTab/notificationTab.swift; sourceTree = SOURCE_ROOT; };
		67E1548B286C7EA6006A257C /* cardCell.swift */ = {isa = PBXFileReference; fileEncoding = 4; lastKnownFileType = sourcecode.swift; name = cardCell.swift; path = etmam/cardCell.swift; sourceTree = SOURCE_ROOT; };
		67E1548D286C7FD0006A257C /* ProjectFilesView.swift */ = {isa = PBXFileReference; lastKnownFileType = sourcecode.swift; name = ProjectFilesView.swift; path = etmam/ProjectFilesView.swift; sourceTree = SOURCE_ROOT; };
		67E1548F286C8142006A257C /* PDFFileView.swift */ = {isa = PBXFileReference; lastKnownFileType = sourcecode.swift; name = PDFFileView.swift; path = etmam/PDFFileView.swift; sourceTree = SOURCE_ROOT; };
		67E15491286C8BA9006A257C /* AuthView.swift */ = {isa = PBXFileReference; lastKnownFileType = sourcecode.swift; name = AuthView.swift; path = etmam/AuthViews/AuthView.swift; sourceTree = SOURCE_ROOT; };
		67E15493286C8F70006A257C /* UserAuthVM.swift */ = {isa = PBXFileReference; fileEncoding = 4; lastKnownFileType = sourcecode.swift; name = UserAuthVM.swift; path = etmam/AuthViews/UserAuthVM.swift; sourceTree = SOURCE_ROOT; };
		67E1549C286DE81C006A257C /* ar */ = {isa = PBXFileReference; lastKnownFileType = text.plist.strings; name = ar; path = ar.lproj/Localizable.strings; sourceTree = "<group>"; };
		67E1549E286DE820006A257C /* en */ = {isa = PBXFileReference; lastKnownFileType = text.plist.strings; name = en; path = en.lproj/Localizable.strings; sourceTree = "<group>"; };
		67F98656287DEEA200D22FF3 /* OtherUsersProfile2.swift */ = {isa = PBXFileReference; lastKnownFileType = sourcecode.swift; name = OtherUsersProfile2.swift; path = etmam/Profile/OtherUsersProfile2.swift; sourceTree = SOURCE_ROOT; };
		67F98658287E1B3C00D22FF3 /* personalTasks.swift */ = {isa = PBXFileReference; lastKnownFileType = sourcecode.swift; name = personalTasks.swift; path = etmam/Profile/personalTasks.swift; sourceTree = SOURCE_ROOT; };
/* End PBXFileReference section */

/* Begin PBXFrameworksBuildPhase section */
		674B712E285A134A006AE2C5 /* Frameworks */ = {
			isa = PBXFrameworksBuildPhase;
			buildActionMask = 2147483647;
			files = (
				672AC52E28841CE4005A21E1 /* FirebaseDatabaseSwift in Frameworks */,
				674B7166285A1BA2006AE2C5 /* BetterSafariView in Frameworks */,
				672AC52A28841CE4005A21E1 /* FirebaseAuth in Frameworks */,
				674B7169285A1C1C006AE2C5 /* StoreKit.framework in Frameworks */,
				6752769828834E4E00048098 /* WelcomeSheet in Frameworks */,
				672AC53628841CE4005A21E1 /* FirebaseStorage in Frameworks */,
				672AC53228841CE4005A21E1 /* FirebaseFirestoreSwift in Frameworks */,
				672AC53028841CE4005A21E1 /* FirebaseFirestore in Frameworks */,
				6758CD0B2867487900C34582 /* SwipeableView in Frameworks */,
				672AC52C28841CE4005A21E1 /* FirebaseDatabase in Frameworks */,
				672AC53428841CE4005A21E1 /* FirebaseFunctions in Frameworks */,
				674B71B8285A1FCF006AE2C5 /* LocationPicker in Frameworks */,
			);
			runOnlyForDeploymentPostprocessing = 0;
		};
/* End PBXFrameworksBuildPhase section */

/* Begin PBXGroup section */
		6712630D2861F4950097D772 /* FormValidators */ = {
			isa = PBXGroup;
			children = (
				6712630E2861F4950097D772 /* SignUpFormVM.swift */,
				6712630F2861F4950097D772 /* SignInFormVM.swift */,
			);
			name = FormValidators;
			path = etmam/FormValidators;
			sourceTree = SOURCE_ROOT;
		};
		671263142861F5BD0097D772 /* AuthViews */ = {
			isa = PBXGroup;
			children = (
				671263152861F5BD0097D772 /* LocationPickerView.swift */,
				671263162861F5BD0097D772 /* ResetPasswordView.swift */,
				671263172861F5BD0097D772 /* MapView.swift */,
				671263182861F5BD0097D772 /* SignInView.swift */,
				67E15493286C8F70006A257C /* UserAuthVM.swift */,
				671263192861F5BD0097D772 /* SignUpView.swift */,
				67E15491286C8BA9006A257C /* AuthView.swift */,
				67CD0476287AE2FA00CB649E /* logoView.swift */,
				67CD0477287AE2FA00CB649E /* SplashView.swift */,
				67CD0475287AE2FA00CB649E /* SplashViewForSignIn.swift */,
			);
			name = AuthViews;
			path = etmam/AuthViews;
			sourceTree = SOURCE_ROOT;
		};
		674B7128285A134A006AE2C5 = {
			isa = PBXGroup;
			children = (
				6752769428834DD800048098 /* Onboarding.swift */,
				67E1549D286DE81C006A257C /* Localizable.strings */,
				674B7133285A134A006AE2C5 /* etmam */,
				674B7132285A134A006AE2C5 /* Products */,
				674B7167285A1C1C006AE2C5 /* Frameworks */,
			);
			sourceTree = "<group>";
		};
		674B7132285A134A006AE2C5 /* Products */ = {
			isa = PBXGroup;
			children = (
				674B7131285A134A006AE2C5 /* Workaday.app */,
			);
			name = Products;
			sourceTree = SOURCE_ROOT;
		};
		674B7133285A134A006AE2C5 /* etmam */ = {
			isa = PBXGroup;
			children = (
				671263052860B6590097D772 /* SwiftUIView.swift */,
				67E1548F286C8142006A257C /* PDFFileView.swift */,
				67CB64F5288C4E5900F1A5D0 /* ProjectFileViewNewProject.swift */,
				67E1548D286C7FD0006A257C /* ProjectFilesView.swift */,
				67CD046E287AE11600CB649E /* Profile */,
				67E1545D286C7894006A257C /* Task_FrontEnd */,
				67E15463286C7894006A257C /* Meeting_FrontEnd */,
				67E1545C286C7894006A257C /* CalendarTab */,
				67E15472286C7894006A257C /* Extensions */,
				67E15475286C7894006A257C /* NotificationTab */,
				67E15468286C7894006A257C /* ProjectTab */,
				67E1546D286C7894006A257C /* TodayTab */,
				6758CCFD28659D8700C34582 /* CheckInView.swift */,
				67E15458286C786D006A257C /* TabBar.swift */,
				6712630D2861F4950097D772 /* FormValidators */,
				67E1548B286C7EA6006A257C /* cardCell.swift */,
				67E1545A286C7882006A257C /* OrgUsers_Projects.swift */,
				6712630A2861F3D00097D772 /* MessageDocument.swift */,
				674B71BD285A2030006AE2C5 /* StoreKit_VM */,
				674B7134285A134A006AE2C5 /* etmamApp.swift */,
				674B7136285A134A006AE2C5 /* ContentView.swift */,
				67CD047D287AE86900CB649E /* Assets.xcassets */,
				671263142861F5BD0097D772 /* AuthViews */,
				674B716A285A1CA9006AE2C5 /* DB_VM */,
				674B713A285A134A006AE2C5 /* Preview Content */,
				674B71C0285A2142006AE2C5 /* emailNotifications.swift */,
				67CD047B287AE65300CB649E /* profile.swift */,
			);
			path = etmam;
			sourceTree = SOURCE_ROOT;
		};
		674B713A285A134A006AE2C5 /* Preview Content */ = {
			isa = PBXGroup;
			children = (
				674B71B9285A1FDE006AE2C5 /* Configuration.storekit */,
				674B713B285A134A006AE2C5 /* Preview Assets.xcassets */,
			);
			name = "Preview Content";
			path = "etmam/Preview Content";
			sourceTree = SOURCE_ROOT;
		};
		674B7167285A1C1C006AE2C5 /* Frameworks */ = {
			isa = PBXGroup;
			children = (
				674B7168285A1C1C006AE2C5 /* StoreKit.framework */,
			);
			name = Frameworks;
			sourceTree = "<group>";
		};
		674B716A285A1CA9006AE2C5 /* DB_VM */ = {
			isa = PBXGroup;
			children = (
				67126301285B55DB0097D772 /* GoogleService-Info.plist */,
				674B716D285A1CA9006AE2C5 /* Models */,
				674B716B285A1CA9006AE2C5 /* meetingDatabaseVM.swift */,
				674B716C285A1CA9006AE2C5 /* orgDatabaseVM.swift */,
				674B7173285A1CA9006AE2C5 /* projectDatabaseVM.swift */,
				674B7174285A1CA9006AE2C5 /* taskDatabaseVM.swift */,
				674B7175285A1CA9006AE2C5 /* userDatabaseVM.swift */,
			);
			name = DB_VM;
			path = ../testFirebase/testFirebase/DB_VM;
			sourceTree = SOURCE_ROOT;
		};
		674B716D285A1CA9006AE2C5 /* Models */ = {
			isa = PBXGroup;
			children = (
				674B716E285A1CA9006AE2C5 /* Meeting.swift */,
				674B716F285A1CA9006AE2C5 /* Organization.swift */,
				674B7170285A1CA9006AE2C5 /* User.swift */,
				674B7171285A1CA9006AE2C5 /* Project.swift */,
				674B7172285A1CA9006AE2C5 /* Task.swift */,
			);
			name = Models;
			path = ../testFirebase/testFirebase/DB_VM/Models;
			sourceTree = SOURCE_ROOT;
		};
		674B71BD285A2030006AE2C5 /* StoreKit_VM */ = {
			isa = PBXGroup;
			children = (
				674B71BB285A1FFA006AE2C5 /* StoreKitManager.swift */,
				674B71C2285A218A006AE2C5 /* Subscriptions.swift */,
			);
			name = StoreKit_VM;
			path = etmam/StoreKit_VM;
			sourceTree = SOURCE_ROOT;
		};
		67CD046E287AE11600CB649E /* Profile */ = {
			isa = PBXGroup;
			children = (
				67CD046F287AE11600CB649E /* OtherUsersProfile.swift */,
				67F98658287E1B3C00D22FF3 /* personalTasks.swift */,
				67CD0470287AE11600CB649E /* UserProfile.swift */,
				67F98656287DEEA200D22FF3 /* OtherUsersProfile2.swift */,
			);
			name = Profile;
			path = etmam/Profile;
			sourceTree = SOURCE_ROOT;
		};
		67E1545C286C7894006A257C /* CalendarTab */ = {
			isa = PBXGroup;
			children = (
				67E15462286C7894006A257C /* calendarTab.swift */,
			);
			name = CalendarTab;
			path = etmam/CalendarTab;
			sourceTree = SOURCE_ROOT;
		};
		67E1545D286C7894006A257C /* Task_FrontEnd */ = {
			isa = PBXGroup;
			children = (
				674B71C6285A24C4006AE2C5 /* TasksProjectView.swift */,
				67E1545F286C7894006A257C /* MakeTaskCell.swift */,
				67E15460286C7894006A257C /* AddTask.swift */,
				67E15461286C7894006A257C /* TaskCard.swift */,
				67CD0473287AE1DE00CB649E /* SwipeableView.swift */,
			);
			path = Task_FrontEnd;
			sourceTree = "<group>";
		};
		67E15463286C7894006A257C /* Meeting_FrontEnd */ = {
			isa = PBXGroup;
			children = (
				67E15464286C7894006A257C /* MeetingCard.swift */,
				67E15465286C7894006A257C /* MakeMeetingCell2.swift */,
				67E15466286C7894006A257C /* MakeMeetingCell.swift */,
				67E15467286C7894006A257C /* AddMeeting.swift */,
			);
			name = Meeting_FrontEnd;
			path = etmam/Meeting_FrontEnd;
			sourceTree = SOURCE_ROOT;
		};
		67E15468286C7894006A257C /* ProjectTab */ = {
			isa = PBXGroup;
			children = (
				674B71C7285A24C4006AE2C5 /* ProjectView.swift */,
				67E15469286C7894006A257C /* ProjectsTasks.swift */,
				67E1546A286C7894006A257C /* projectsTab.swift */,
				67E1546B286C7894006A257C /* ProjectCard.swift */,
				67E1546C286C7894006A257C /* CreateProject.swift */,
			);
			name = ProjectTab;
			path = etmam/ProjectTab;
			sourceTree = SOURCE_ROOT;
		};
		67E1546D286C7894006A257C /* TodayTab */ = {
			isa = PBXGroup;
			children = (
				67E1546E286C7894006A257C /* manageMembers.swift */,
				67E1546F286C7894006A257C /* ImportSheetApp.swift */,
				67E15470286C7894006A257C /* CSVDocument.swift */,
				67E15471286C7894006A257C /* Today.swift */,
			);
			name = TodayTab;
			path = etmam/TodayTab;
			sourceTree = SOURCE_ROOT;
		};
		67E15472286C7894006A257C /* Extensions */ = {
			isa = PBXGroup;
			children = (
				67E15473286C7894006A257C /* InitialsPicture.swift */,
				67E15474286C7894006A257C /* TextView.swift */,
			);
			name = Extensions;
			path = etmam/Extensions;
			sourceTree = SOURCE_ROOT;
		};
		67E15475286C7894006A257C /* NotificationTab */ = {
			isa = PBXGroup;
			children = (
				67E15476286C7894006A257C /* notificationTab.swift */,
			);
			name = NotificationTab;
			path = etmam/NotificationTab;
			sourceTree = SOURCE_ROOT;
		};
/* End PBXGroup section */

/* Begin PBXNativeTarget section */
		674B7130285A134A006AE2C5 /* etmam */ = {
			isa = PBXNativeTarget;
			buildConfigurationList = 674B713F285A134A006AE2C5 /* Build configuration list for PBXNativeTarget "etmam" */;
			buildPhases = (
				674B712D285A134A006AE2C5 /* Sources */,
				674B712E285A134A006AE2C5 /* Frameworks */,
				674B712F285A134A006AE2C5 /* Resources */,
			);
			buildRules = (
			);
			dependencies = (
			);
			name = etmam;
			packageProductDependencies = (
				674B7165285A1BA2006AE2C5 /* BetterSafariView */,
				674B71B7285A1FCF006AE2C5 /* LocationPicker */,
				6758CD0A2867487900C34582 /* SwipeableView */,
				6752769728834E4E00048098 /* WelcomeSheet */,
				672AC52928841CE4005A21E1 /* FirebaseAuth */,
				672AC52B28841CE4005A21E1 /* FirebaseDatabase */,
				672AC52D28841CE4005A21E1 /* FirebaseDatabaseSwift */,
				672AC52F28841CE4005A21E1 /* FirebaseFirestore */,
				672AC53128841CE4005A21E1 /* FirebaseFirestoreSwift */,
				672AC53328841CE4005A21E1 /* FirebaseFunctions */,
				672AC53528841CE4005A21E1 /* FirebaseStorage */,
			);
			productName = etmam;
			productReference = 674B7131285A134A006AE2C5 /* Workaday.app */;
			productType = "com.apple.product-type.application";
		};
/* End PBXNativeTarget section */

/* Begin PBXProject section */
		674B7129285A134A006AE2C5 /* Project object */ = {
			isa = PBXProject;
			attributes = {
				BuildIndependentTargetsInParallel = 1;
				LastSwiftUpdateCheck = 1320;
				LastUpgradeCheck = 1320;
				TargetAttributes = {
					674B7130285A134A006AE2C5 = {
						CreatedOnToolsVersion = 13.2.1;
					};
				};
			};
			buildConfigurationList = 674B712C285A134A006AE2C5 /* Build configuration list for PBXProject "etmam" */;
			compatibilityVersion = "Xcode 13.0";
			developmentRegion = en;
			hasScannedForEncodings = 0;
			knownRegions = (
				en,
				Base,
				ar,
			);
			mainGroup = 674B7128285A134A006AE2C5;
			packageReferences = (
				674B7164285A1BA2006AE2C5 /* XCRemoteSwiftPackageReference "BetterSafariView" */,
				674B71B6285A1FCF006AE2C5 /* XCRemoteSwiftPackageReference "LocationPicker" */,
				6758CD092867487900C34582 /* XCRemoteSwiftPackageReference "SwipebleView" */,
				6752769628834E4E00048098 /* XCRemoteSwiftPackageReference "Welcome-Sheet" */,
				672AC52828841CE4005A21E1 /* XCRemoteSwiftPackageReference "firebase-ios-sdk" */,
			);
			productRefGroup = 674B7132285A134A006AE2C5 /* Products */;
			projectDirPath = "";
			projectRoot = "";
			targets = (
				674B7130285A134A006AE2C5 /* etmam */,
			);
		};
/* End PBXProject section */

/* Begin PBXResourcesBuildPhase section */
		674B712F285A134A006AE2C5 /* Resources */ = {
			isa = PBXResourcesBuildPhase;
			buildActionMask = 2147483647;
			files = (
				67E1549B286DE81C006A257C /* Localizable.strings in Resources */,
				674B713C285A134A006AE2C5 /* Preview Assets.xcassets in Resources */,
				67126302285B55DB0097D772 /* GoogleService-Info.plist in Resources */,
				674B71BA285A1FDE006AE2C5 /* Configuration.storekit in Resources */,
				67CD047E287AE86900CB649E /* Assets.xcassets in Resources */,
			);
			runOnlyForDeploymentPostprocessing = 0;
		};
/* End PBXResourcesBuildPhase section */

/* Begin PBXSourcesBuildPhase section */
		674B712D285A134A006AE2C5 /* Sources */ = {
			isa = PBXSourcesBuildPhase;
			buildActionMask = 2147483647;
			files = (
				67E1548A286C7894006A257C /* notificationTab.swift in Sources */,
				671263112861F4950097D772 /* SignInFormVM.swift in Sources */,
				674B7177285A1CA9006AE2C5 /* orgDatabaseVM.swift in Sources */,
				6712630C2861F3D00097D772 /* MessageDocument.swift in Sources */,
				67CD0478287AE2FA00CB649E /* SplashViewForSignIn.swift in Sources */,
				67E1547C286C7894006A257C /* MeetingCard.swift in Sources */,
				67E15487286C7894006A257C /* Today.swift in Sources */,
				67CD047C287AE65300CB649E /* profile.swift in Sources */,
				674B7137285A134A006AE2C5 /* ContentView.swift in Sources */,
				67E15483286C7894006A257C /* CreateProject.swift in Sources */,
				67E15492286C8BA9006A257C /* AuthView.swift in Sources */,
				67E1547F286C7894006A257C /* AddMeeting.swift in Sources */,
				67E15486286C7894006A257C /* CSVDocument.swift in Sources */,
				67E15488286C7894006A257C /* InitialsPicture.swift in Sources */,
				674B717D285A1CA9006AE2C5 /* projectDatabaseVM.swift in Sources */,
				67E1547D286C7894006A257C /* MakeMeetingCell2.swift in Sources */,
				67CD0472287AE11600CB649E /* UserProfile.swift in Sources */,
				67E1545B286C7882006A257C /* OrgUsers_Projects.swift in Sources */,
				674B717A285A1CA9006AE2C5 /* User.swift in Sources */,
				674B71C9285A24C4006AE2C5 /* ProjectView.swift in Sources */,
				674B717F285A1CA9006AE2C5 /* userDatabaseVM.swift in Sources */,
				6712631D2861F5BD0097D772 /* SignInView.swift in Sources */,
				67E15490286C8142006A257C /* PDFFileView.swift in Sources */,
				6758CCFF28659D8700C34582 /* CheckInView.swift in Sources */,
				67E15480286C7894006A257C /* ProjectsTasks.swift in Sources */,
				67F98659287E1B3C00D22FF3 /* personalTasks.swift in Sources */,
				674B7178285A1CA9006AE2C5 /* Meeting.swift in Sources */,
				674B71C3285A218A006AE2C5 /* Subscriptions.swift in Sources */,
				674B7176285A1CA9006AE2C5 /* meetingDatabaseVM.swift in Sources */,
				67E15459286C786D006A257C /* TabBar.swift in Sources */,
				67CD0474287AE1DE00CB649E /* SwipeableView.swift in Sources */,
				67E15485286C7894006A257C /* ImportSheetApp.swift in Sources */,
				67E1547B286C7894006A257C /* calendarTab.swift in Sources */,
				67E1548E286C7FD0006A257C /* ProjectFilesView.swift in Sources */,
				67E15484286C7894006A257C /* manageMembers.swift in Sources */,
				67E15481286C7894006A257C /* projectsTab.swift in Sources */,
				67E1547E286C7894006A257C /* MakeMeetingCell.swift in Sources */,
				6712631A2861F5BD0097D772 /* LocationPickerView.swift in Sources */,
				671263062860B6590097D772 /* SwiftUIView.swift in Sources */,
				67E15494286C8F70006A257C /* UserAuthVM.swift in Sources */,
				671263102861F4950097D772 /* SignUpFormVM.swift in Sources */,
				67E1548C286C7EA6006A257C /* cardCell.swift in Sources */,
				674B71C1285A2142006AE2C5 /* emailNotifications.swift in Sources */,
				67CD0471287AE11600CB649E /* OtherUsersProfile.swift in Sources */,
				6712631C2861F5BD0097D772 /* MapView.swift in Sources */,
				67CB64F6288C4E5900F1A5D0 /* ProjectFileViewNewProject.swift in Sources */,
				6752769528834DD800048098 /* Onboarding.swift in Sources */,
				67E1547A286C7894006A257C /* TaskCard.swift in Sources */,
				67CD0479287AE2FA00CB649E /* logoView.swift in Sources */,
				674B71C8285A24C4006AE2C5 /* TasksProjectView.swift in Sources */,
				674B717E285A1CA9006AE2C5 /* taskDatabaseVM.swift in Sources */,
				674B7135285A134A006AE2C5 /* etmamApp.swift in Sources */,
				674B71BC285A1FFA006AE2C5 /* StoreKitManager.swift in Sources */,
				674B717B285A1CA9006AE2C5 /* Project.swift in Sources */,
				6712631E2861F5BD0097D772 /* SignUpView.swift in Sources */,
				6712631B2861F5BD0097D772 /* ResetPasswordView.swift in Sources */,
				67E15479286C7894006A257C /* AddTask.swift in Sources */,
				674B7179285A1CA9006AE2C5 /* Organization.swift in Sources */,
				67E15489286C7894006A257C /* TextView.swift in Sources */,
				67E15482286C7894006A257C /* ProjectCard.swift in Sources */,
				67E15478286C7894006A257C /* MakeTaskCell.swift in Sources */,
				674B717C285A1CA9006AE2C5 /* Task.swift in Sources */,
				67F98657287DEEA200D22FF3 /* OtherUsersProfile2.swift in Sources */,
				67CD047A287AE2FA00CB649E /* SplashView.swift in Sources */,
			);
			runOnlyForDeploymentPostprocessing = 0;
		};
/* End PBXSourcesBuildPhase section */

/* Begin PBXVariantGroup section */
		67E1549D286DE81C006A257C /* Localizable.strings */ = {
			isa = PBXVariantGroup;
			children = (
				67E1549C286DE81C006A257C /* ar */,
				67E1549E286DE820006A257C /* en */,
			);
			name = Localizable.strings;
			sourceTree = SOURCE_ROOT;
		};
/* End PBXVariantGroup section */

/* Begin XCBuildConfiguration section */
		674B713D285A134A006AE2C5 /* Debug */ = {
			isa = XCBuildConfiguration;
			buildSettings = {
				ALWAYS_SEARCH_USER_PATHS = NO;
				CLANG_ANALYZER_NONNULL = YES;
				CLANG_ANALYZER_NUMBER_OBJECT_CONVERSION = YES_AGGRESSIVE;
				CLANG_CXX_LANGUAGE_STANDARD = "gnu++17";
				CLANG_CXX_LIBRARY = "libc++";
				CLANG_ENABLE_MODULES = YES;
				CLANG_ENABLE_OBJC_ARC = YES;
				CLANG_ENABLE_OBJC_WEAK = YES;
				CLANG_WARN_BLOCK_CAPTURE_AUTORELEASING = YES;
				CLANG_WARN_BOOL_CONVERSION = YES;
				CLANG_WARN_COMMA = YES;
				CLANG_WARN_CONSTANT_CONVERSION = YES;
				CLANG_WARN_DEPRECATED_OBJC_IMPLEMENTATIONS = YES;
				CLANG_WARN_DIRECT_OBJC_ISA_USAGE = YES_ERROR;
				CLANG_WARN_DOCUMENTATION_COMMENTS = YES;
				CLANG_WARN_EMPTY_BODY = YES;
				CLANG_WARN_ENUM_CONVERSION = YES;
				CLANG_WARN_INFINITE_RECURSION = YES;
				CLANG_WARN_INT_CONVERSION = YES;
				CLANG_WARN_NON_LITERAL_NULL_CONVERSION = YES;
				CLANG_WARN_OBJC_IMPLICIT_RETAIN_SELF = YES;
				CLANG_WARN_OBJC_LITERAL_CONVERSION = YES;
				CLANG_WARN_OBJC_ROOT_CLASS = YES_ERROR;
				CLANG_WARN_QUOTED_INCLUDE_IN_FRAMEWORK_HEADER = YES;
				CLANG_WARN_RANGE_LOOP_ANALYSIS = YES;
				CLANG_WARN_STRICT_PROTOTYPES = YES;
				CLANG_WARN_SUSPICIOUS_MOVE = YES;
				CLANG_WARN_UNGUARDED_AVAILABILITY = YES_AGGRESSIVE;
				CLANG_WARN_UNREACHABLE_CODE = YES;
				CLANG_WARN__DUPLICATE_METHOD_MATCH = YES;
				COPY_PHASE_STRIP = NO;
				DEBUG_INFORMATION_FORMAT = dwarf;
				ENABLE_STRICT_OBJC_MSGSEND = YES;
				ENABLE_TESTABILITY = YES;
				GCC_C_LANGUAGE_STANDARD = gnu11;
				GCC_DYNAMIC_NO_PIC = NO;
				GCC_NO_COMMON_BLOCKS = YES;
				GCC_OPTIMIZATION_LEVEL = 0;
				GCC_PREPROCESSOR_DEFINITIONS = (
					"DEBUG=1",
					"$(inherited)",
				);
				GCC_WARN_64_TO_32_BIT_CONVERSION = YES;
				GCC_WARN_ABOUT_RETURN_TYPE = YES_ERROR;
				GCC_WARN_UNDECLARED_SELECTOR = YES;
				GCC_WARN_UNINITIALIZED_AUTOS = YES_AGGRESSIVE;
				GCC_WARN_UNUSED_FUNCTION = YES;
				GCC_WARN_UNUSED_VARIABLE = YES;
				IPHONEOS_DEPLOYMENT_TARGET = 15.2;
				MTL_ENABLE_DEBUG_INFO = INCLUDE_SOURCE;
				MTL_FAST_MATH = YES;
				ONLY_ACTIVE_ARCH = YES;
				PRODUCT_BUNDLE_IDENTIFIER = ghada.Polaris;
				SDKROOT = iphoneos;
				SWIFT_ACTIVE_COMPILATION_CONDITIONS = DEBUG;
				SWIFT_ENABLE_BATCH_MODE = NO;
				SWIFT_OPTIMIZATION_LEVEL = "-Onone";
			};
			name = Debug;
		};
		674B713E285A134A006AE2C5 /* Release */ = {
			isa = XCBuildConfiguration;
			buildSettings = {
				ALWAYS_SEARCH_USER_PATHS = NO;
				CLANG_ANALYZER_NONNULL = YES;
				CLANG_ANALYZER_NUMBER_OBJECT_CONVERSION = YES_AGGRESSIVE;
				CLANG_CXX_LANGUAGE_STANDARD = "gnu++17";
				CLANG_CXX_LIBRARY = "libc++";
				CLANG_ENABLE_MODULES = YES;
				CLANG_ENABLE_OBJC_ARC = YES;
				CLANG_ENABLE_OBJC_WEAK = YES;
				CLANG_WARN_BLOCK_CAPTURE_AUTORELEASING = YES;
				CLANG_WARN_BOOL_CONVERSION = YES;
				CLANG_WARN_COMMA = YES;
				CLANG_WARN_CONSTANT_CONVERSION = YES;
				CLANG_WARN_DEPRECATED_OBJC_IMPLEMENTATIONS = YES;
				CLANG_WARN_DIRECT_OBJC_ISA_USAGE = YES_ERROR;
				CLANG_WARN_DOCUMENTATION_COMMENTS = YES;
				CLANG_WARN_EMPTY_BODY = YES;
				CLANG_WARN_ENUM_CONVERSION = YES;
				CLANG_WARN_INFINITE_RECURSION = YES;
				CLANG_WARN_INT_CONVERSION = YES;
				CLANG_WARN_NON_LITERAL_NULL_CONVERSION = YES;
				CLANG_WARN_OBJC_IMPLICIT_RETAIN_SELF = YES;
				CLANG_WARN_OBJC_LITERAL_CONVERSION = YES;
				CLANG_WARN_OBJC_ROOT_CLASS = YES_ERROR;
				CLANG_WARN_QUOTED_INCLUDE_IN_FRAMEWORK_HEADER = YES;
				CLANG_WARN_RANGE_LOOP_ANALYSIS = YES;
				CLANG_WARN_STRICT_PROTOTYPES = YES;
				CLANG_WARN_SUSPICIOUS_MOVE = YES;
				CLANG_WARN_UNGUARDED_AVAILABILITY = YES_AGGRESSIVE;
				CLANG_WARN_UNREACHABLE_CODE = YES;
				CLANG_WARN__DUPLICATE_METHOD_MATCH = YES;
				COPY_PHASE_STRIP = NO;
				DEBUG_INFORMATION_FORMAT = "dwarf-with-dsym";
				ENABLE_NS_ASSERTIONS = NO;
				ENABLE_STRICT_OBJC_MSGSEND = YES;
				GCC_C_LANGUAGE_STANDARD = gnu11;
				GCC_NO_COMMON_BLOCKS = YES;
				GCC_WARN_64_TO_32_BIT_CONVERSION = YES;
				GCC_WARN_ABOUT_RETURN_TYPE = YES_ERROR;
				GCC_WARN_UNDECLARED_SELECTOR = YES;
				GCC_WARN_UNINITIALIZED_AUTOS = YES_AGGRESSIVE;
				GCC_WARN_UNUSED_FUNCTION = YES;
				GCC_WARN_UNUSED_VARIABLE = YES;
				IPHONEOS_DEPLOYMENT_TARGET = 15.2;
				MTL_ENABLE_DEBUG_INFO = NO;
				MTL_FAST_MATH = YES;
				PRODUCT_BUNDLE_IDENTIFIER = ghada.Polaris;
				SDKROOT = iphoneos;
				SWIFT_COMPILATION_MODE = wholemodule;
				SWIFT_ENABLE_BATCH_MODE = NO;
				SWIFT_OPTIMIZATION_LEVEL = "-O";
				VALIDATE_PRODUCT = YES;
			};
			name = Release;
		};
		674B7140285A134A006AE2C5 /* Debug */ = {
			isa = XCBuildConfiguration;
			buildSettings = {
				ASSETCATALOG_COMPILER_APPICON_NAME = AppIcon;
				ASSETCATALOG_COMPILER_GLOBAL_ACCENT_COLOR_NAME = AccentColor;
				CODE_SIGN_STYLE = Automatic;
				CURRENT_PROJECT_VERSION = 1;
				DEVELOPMENT_ASSET_PATHS = "\"etmam/Preview Content\"";
				DEVELOPMENT_TEAM = 96VBYHATXS;
				ENABLE_BITCODE = NO;
				ENABLE_PREVIEWS = YES;
				EXCLUDED_ARCHS = "";
				GENERATE_INFOPLIST_FILE = YES;
				INFOPLIST_KEY_UIApplicationSceneManifest_Generation = YES;
				INFOPLIST_KEY_UIApplicationSupportsIndirectInputEvents = YES;
				INFOPLIST_KEY_UILaunchScreen_Generation = YES;
				INFOPLIST_KEY_UISupportedInterfaceOrientations_iPad = "UIInterfaceOrientationPortrait UIInterfaceOrientationPortraitUpsideDown UIInterfaceOrientationLandscapeLeft UIInterfaceOrientationLandscapeRight";
				INFOPLIST_KEY_UISupportedInterfaceOrientations_iPhone = "UIInterfaceOrientationPortrait UIInterfaceOrientationLandscapeLeft UIInterfaceOrientationLandscapeRight";
				IPHONEOS_DEPLOYMENT_TARGET = 15.2;
				LD_RUNPATH_SEARCH_PATHS = (
					"$(inherited)",
					"@executable_path/Frameworks",
				);
				MARKETING_VERSION = 1.7;
				PRODUCT_BUNDLE_IDENTIFIER = ghada.Workaday2;
				PRODUCT_NAME = Workaday;
				SWIFT_EMIT_LOC_STRINGS = YES;
				SWIFT_VERSION = 5.0;
				TARGETED_DEVICE_FAMILY = "1,2";
			};
			name = Debug;
		};
		674B7141285A134A006AE2C5 /* Release */ = {
			isa = XCBuildConfiguration;
			buildSettings = {
				ASSETCATALOG_COMPILER_APPICON_NAME = AppIcon;
				ASSETCATALOG_COMPILER_GLOBAL_ACCENT_COLOR_NAME = AccentColor;
				CODE_SIGN_STYLE = Automatic;
				CURRENT_PROJECT_VERSION = 1;
				DEVELOPMENT_ASSET_PATHS = "\"etmam/Preview Content\"";
				DEVELOPMENT_TEAM = 96VBYHATXS;
				ENABLE_BITCODE = NO;
				ENABLE_PREVIEWS = YES;
				EXCLUDED_ARCHS = "";
				GENERATE_INFOPLIST_FILE = YES;
				INFOPLIST_KEY_UIApplicationSceneManifest_Generation = YES;
				INFOPLIST_KEY_UIApplicationSupportsIndirectInputEvents = YES;
				INFOPLIST_KEY_UILaunchScreen_Generation = YES;
				INFOPLIST_KEY_UISupportedInterfaceOrientations_iPad = "UIInterfaceOrientationPortrait UIInterfaceOrientationPortraitUpsideDown UIInterfaceOrientationLandscapeLeft UIInterfaceOrientationLandscapeRight";
				INFOPLIST_KEY_UISupportedInterfaceOrientations_iPhone = "UIInterfaceOrientationPortrait UIInterfaceOrientationLandscapeLeft UIInterfaceOrientationLandscapeRight";
				IPHONEOS_DEPLOYMENT_TARGET = 15.2;
				LD_RUNPATH_SEARCH_PATHS = (
					"$(inherited)",
					"@executable_path/Frameworks",
				);
				MARKETING_VERSION = 1.7;
				PRODUCT_BUNDLE_IDENTIFIER = ghada.Workaday2;
				PRODUCT_NAME = Workaday;
				SWIFT_EMIT_LOC_STRINGS = YES;
				SWIFT_VERSION = 5.0;
				TARGETED_DEVICE_FAMILY = "1,2";
			};
			name = Release;
		};
/* End XCBuildConfiguration section */

/* Begin XCConfigurationList section */
		674B712C285A134A006AE2C5 /* Build configuration list for PBXProject "etmam" */ = {
			isa = XCConfigurationList;
			buildConfigurations = (
				674B713D285A134A006AE2C5 /* Debug */,
				674B713E285A134A006AE2C5 /* Release */,
			);
			defaultConfigurationIsVisible = 0;
			defaultConfigurationName = Release;
		};
		674B713F285A134A006AE2C5 /* Build configuration list for PBXNativeTarget "etmam" */ = {
			isa = XCConfigurationList;
			buildConfigurations = (
				674B7140285A134A006AE2C5 /* Debug */,
				674B7141285A134A006AE2C5 /* Release */,
			);
			defaultConfigurationIsVisible = 0;
			defaultConfigurationName = Release;
		};
/* End XCConfigurationList section */

/* Begin XCRemoteSwiftPackageReference section */
		672AC52828841CE4005A21E1 /* XCRemoteSwiftPackageReference "firebase-ios-sdk" */ = {
			isa = XCRemoteSwiftPackageReference;
			repositoryURL = "https://github.com/firebase/firebase-ios-sdk";
			requirement = {
				branch = master;
				kind = branch;
			};
		};
		674B7164285A1BA2006AE2C5 /* XCRemoteSwiftPackageReference "BetterSafariView" */ = {
			isa = XCRemoteSwiftPackageReference;
			repositoryURL = "https://github.com/stleamist/BetterSafariView";
			requirement = {
				branch = main;
				kind = branch;
			};
		};
		674B71B6285A1FCF006AE2C5 /* XCRemoteSwiftPackageReference "LocationPicker" */ = {
			isa = XCRemoteSwiftPackageReference;
			repositoryURL = "https://github.com/almassapargali/LocationPicker";
			requirement = {
				kind = upToNextMajorVersion;
				minimumVersion = 1.0.0;
			};
		};
		6752769628834E4E00048098 /* XCRemoteSwiftPackageReference "Welcome-Sheet" */ = {
			isa = XCRemoteSwiftPackageReference;
			repositoryURL = "https://github.com/MAJKFL/Welcome-Sheet.git";
			requirement = {
				branch = main;
				kind = branch;
			};
		};
		6758CD092867487900C34582 /* XCRemoteSwiftPackageReference "SwipebleView" */ = {
			isa = XCRemoteSwiftPackageReference;
			repositoryURL = "https://github.com/mroffmix/SwipebleView";
			requirement = {
				kind = upToNextMajorVersion;
				minimumVersion = 0.2.2;
			};
		};
/* End XCRemoteSwiftPackageReference section */

/* Begin XCSwiftPackageProductDependency section */
		672AC52928841CE4005A21E1 /* FirebaseAuth */ = {
			isa = XCSwiftPackageProductDependency;
			package = 672AC52828841CE4005A21E1 /* XCRemoteSwiftPackageReference "firebase-ios-sdk" */;
			productName = FirebaseAuth;
		};
		672AC52B28841CE4005A21E1 /* FirebaseDatabase */ = {
			isa = XCSwiftPackageProductDependency;
			package = 672AC52828841CE4005A21E1 /* XCRemoteSwiftPackageReference "firebase-ios-sdk" */;
			productName = FirebaseDatabase;
		};
		672AC52D28841CE4005A21E1 /* FirebaseDatabaseSwift */ = {
			isa = XCSwiftPackageProductDependency;
			package = 672AC52828841CE4005A21E1 /* XCRemoteSwiftPackageReference "firebase-ios-sdk" */;
			productName = FirebaseDatabaseSwift;
		};
		672AC52F28841CE4005A21E1 /* FirebaseFirestore */ = {
			isa = XCSwiftPackageProductDependency;
			package = 672AC52828841CE4005A21E1 /* XCRemoteSwiftPackageReference "firebase-ios-sdk" */;
			productName = FirebaseFirestore;
		};
		672AC53128841CE4005A21E1 /* FirebaseFirestoreSwift */ = {
			isa = XCSwiftPackageProductDependency;
			package = 672AC52828841CE4005A21E1 /* XCRemoteSwiftPackageReference "firebase-ios-sdk" */;
			productName = FirebaseFirestoreSwift;
		};
		672AC53328841CE4005A21E1 /* FirebaseFunctions */ = {
			isa = XCSwiftPackageProductDependency;
			package = 672AC52828841CE4005A21E1 /* XCRemoteSwiftPackageReference "firebase-ios-sdk" */;
			productName = FirebaseFunctions;
		};
		672AC53528841CE4005A21E1 /* FirebaseStorage */ = {
			isa = XCSwiftPackageProductDependency;
			package = 672AC52828841CE4005A21E1 /* XCRemoteSwiftPackageReference "firebase-ios-sdk" */;
			productName = FirebaseStorage;
		};
		674B7165285A1BA2006AE2C5 /* BetterSafariView */ = {
			isa = XCSwiftPackageProductDependency;
			package = 674B7164285A1BA2006AE2C5 /* XCRemoteSwiftPackageReference "BetterSafariView" */;
			productName = BetterSafariView;
		};
		674B71B7285A1FCF006AE2C5 /* LocationPicker */ = {
			isa = XCSwiftPackageProductDependency;
			package = 674B71B6285A1FCF006AE2C5 /* XCRemoteSwiftPackageReference "LocationPicker" */;
			productName = LocationPicker;
		};
		6752769728834E4E00048098 /* WelcomeSheet */ = {
			isa = XCSwiftPackageProductDependency;
			package = 6752769628834E4E00048098 /* XCRemoteSwiftPackageReference "Welcome-Sheet" */;
			productName = WelcomeSheet;
		};
		6758CD0A2867487900C34582 /* SwipeableView */ = {
			isa = XCSwiftPackageProductDependency;
			package = 6758CD092867487900C34582 /* XCRemoteSwiftPackageReference "SwipebleView" */;
			productName = SwipeableView;
		};
/* End XCSwiftPackageProductDependency section */
	};
	rootObject = 674B7129285A134A006AE2C5 /* Project object */;
}
